// !$*UTF8*$!
{
	archiveVersion = 1;
	classes = {
	};
	objectVersion = 46;
	objects = {

/* Begin PBXBuildFile section */
		DD207A021ACF096A00645721 /* 11.png in Resources */ = {isa = PBXBuildFile; fileRef = DD2079F91ACF096A00645721 /* 11.png */; };
		DD207A031ACF096A00645721 /* 22.png in Resources */ = {isa = PBXBuildFile; fileRef = DD2079FA1ACF096A00645721 /* 22.png */; };
		DD207A041ACF096A00645721 /* 33.png in Resources */ = {isa = PBXBuildFile; fileRef = DD2079FB1ACF096A00645721 /* 33.png */; };
		DD207A051ACF096A00645721 /* 44.png in Resources */ = {isa = PBXBuildFile; fileRef = DD2079FC1ACF096A00645721 /* 44.png */; };
		DD207A061ACF096A00645721 /* 55.png in Resources */ = {isa = PBXBuildFile; fileRef = DD2079FD1ACF096A00645721 /* 55.png */; };
		DD207A071ACF096A00645721 /* 66.png in Resources */ = {isa = PBXBuildFile; fileRef = DD2079FE1ACF096A00645721 /* 66.png */; };
		DD207A081ACF096A00645721 /* 77.png in Resources */ = {isa = PBXBuildFile; fileRef = DD2079FF1ACF096A00645721 /* 77.png */; };
		DD207A091ACF096A00645721 /* 88.png in Resources */ = {isa = PBXBuildFile; fileRef = DD207A001ACF096A00645721 /* 88.png */; };
		DD207A0A1ACF096A00645721 /* back.png in Resources */ = {isa = PBXBuildFile; fileRef = DD207A011ACF096A00645721 /* back.png */; };
		DD2F8D681ACFBD32004CDF4D /* HomeScreenViewController.m in Sources */ = {isa = PBXBuildFile; fileRef = DD2F8D671ACFBD32004CDF4D /* HomeScreenViewController.m */; };
		DD78C30C1ACFFDBF007594B3 /* 09-01.png in Resources */ = {isa = PBXBuildFile; fileRef = DD78C30A1ACFFDBF007594B3 /* 09-01.png */; };
		DD78C30D1ACFFDBF007594B3 /* 10-01.png in Resources */ = {isa = PBXBuildFile; fileRef = DD78C30B1ACFFDBF007594B3 /* 10-01.png */; };
		DD78C30F1AD0023F007594B3 /* 99-01.png in Resources */ = {isa = PBXBuildFile; fileRef = DD78C30E1AD0023F007594B3 /* 99-01.png */; };
		DD78C3141AD00BF4007594B3 /* SettingViewController.m in Sources */ = {isa = PBXBuildFile; fileRef = DD78C3131AD00BF4007594B3 /* SettingViewController.m */; };
		DD78C3181AD010E5007594B3 /* RankingViewController.m in Sources */ = {isa = PBXBuildFile; fileRef = DD78C3171AD010E5007594B3 /* RankingViewController.m */; };
		DD78C31C1AD0155D007594B3 /* SignInAndSignUpViewController.m in Sources */ = {isa = PBXBuildFile; fileRef = DD78C31B1AD0155D007594B3 /* SignInAndSignUpViewController.m */; };
		DD841DA11AC97B8300F7981D /* main.m in Sources */ = {isa = PBXBuildFile; fileRef = DD841DA01AC97B8300F7981D /* main.m */; };
		DD841DA41AC97B8300F7981D /* AppDelegate.m in Sources */ = {isa = PBXBuildFile; fileRef = DD841DA31AC97B8300F7981D /* AppDelegate.m */; };
		DD841DA71AC97B8300F7981D /* ViewController.m in Sources */ = {isa = PBXBuildFile; fileRef = DD841DA61AC97B8300F7981D /* ViewController.m */; };
		DD841DAA1AC97B8300F7981D /* Main.storyboard in Resources */ = {isa = PBXBuildFile; fileRef = DD841DA81AC97B8300F7981D /* Main.storyboard */; };
		DD841DAC1AC97B8300F7981D /* Images.xcassets in Resources */ = {isa = PBXBuildFile; fileRef = DD841DAB1AC97B8300F7981D /* Images.xcassets */; };
		DD841DAF1AC97B8300F7981D /* LaunchScreen.xib in Resources */ = {isa = PBXBuildFile; fileRef = DD841DAD1AC97B8300F7981D /* LaunchScreen.xib */; };
		DD841DBB1AC97B8300F7981D /* MemoryTests.m in Sources */ = {isa = PBXBuildFile; fileRef = DD841DBA1AC97B8300F7981D /* MemoryTests.m */; };
/* End PBXBuildFile section */

/* Begin PBXContainerItemProxy section */
		DD841DB51AC97B8300F7981D /* PBXContainerItemProxy */ = {
			isa = PBXContainerItemProxy;
			containerPortal = DD841D931AC97B8300F7981D /* Project object */;
			proxyType = 1;
			remoteGlobalIDString = DD841D9A1AC97B8300F7981D;
			remoteInfo = Memory;
		};
/* End PBXContainerItemProxy section */

/* Begin PBXFileReference section */
		DD2079F91ACF096A00645721 /* 11.png */ = {isa = PBXFileReference; lastKnownFileType = image.png; name = 11.png; path = images/11.png; sourceTree = SOURCE_ROOT; };
		DD2079FA1ACF096A00645721 /* 22.png */ = {isa = PBXFileReference; lastKnownFileType = image.png; name = 22.png; path = images/22.png; sourceTree = SOURCE_ROOT; };
		DD2079FB1ACF096A00645721 /* 33.png */ = {isa = PBXFileReference; lastKnownFileType = image.png; name = 33.png; path = images/33.png; sourceTree = SOURCE_ROOT; };
		DD2079FC1ACF096A00645721 /* 44.png */ = {isa = PBXFileReference; lastKnownFileType = image.png; name = 44.png; path = images/44.png; sourceTree = SOURCE_ROOT; };
		DD2079FD1ACF096A00645721 /* 55.png */ = {isa = PBXFileReference; lastKnownFileType = image.png; name = 55.png; path = images/55.png; sourceTree = SOURCE_ROOT; };
		DD2079FE1ACF096A00645721 /* 66.png */ = {isa = PBXFileReference; lastKnownFileType = image.png; name = 66.png; path = images/66.png; sourceTree = SOURCE_ROOT; };
		DD2079FF1ACF096A00645721 /* 77.png */ = {isa = PBXFileReference; lastKnownFileType = image.png; name = 77.png; path = images/77.png; sourceTree = SOURCE_ROOT; };
		DD207A001ACF096A00645721 /* 88.png */ = {isa = PBXFileReference; lastKnownFileType = image.png; name = 88.png; path = images/88.png; sourceTree = SOURCE_ROOT; };
		DD207A011ACF096A00645721 /* back.png */ = {isa = PBXFileReference; lastKnownFileType = image.png; name = back.png; path = images/back.png; sourceTree = SOURCE_ROOT; };
		DD2F8D661ACFBD32004CDF4D /* HomeScreenViewController.h */ = {isa = PBXFileReference; fileEncoding = 4; lastKnownFileType = sourcecode.c.h; path = HomeScreenViewController.h; sourceTree = "<group>"; };
		DD2F8D671ACFBD32004CDF4D /* HomeScreenViewController.m */ = {isa = PBXFileReference; fileEncoding = 4; lastKnownFileType = sourcecode.c.objc; path = HomeScreenViewController.m; sourceTree = "<group>"; };
		DD78C30A1ACFFDBF007594B3 /* 09-01.png */ = {isa = PBXFileReference; lastKnownFileType = image.png; name = "09-01.png"; path = "../../../../../../Users/mariansamy/Desktop/09-01.png"; sourceTree = "<group>"; };
		DD78C30B1ACFFDBF007594B3 /* 10-01.png */ = {isa = PBXFileReference; lastKnownFileType = image.png; name = "10-01.png"; path = "../../../../../../Users/mariansamy/Desktop/10-01.png"; sourceTree = "<group>"; };
		DD78C30E1AD0023F007594B3 /* 99-01.png */ = {isa = PBXFileReference; lastKnownFileType = image.png; name = "99-01.png"; path = "../../../../../../Users/mariansamy/Desktop/99-01.png"; sourceTree = "<group>"; };
		DD78C3121AD00BF4007594B3 /* SettingViewController.h */ = {isa = PBXFileReference; fileEncoding = 4; lastKnownFileType = sourcecode.c.h; path = SettingViewController.h; sourceTree = "<group>"; };
		DD78C3131AD00BF4007594B3 /* SettingViewController.m */ = {isa = PBXFileReference; fileEncoding = 4; lastKnownFileType = sourcecode.c.objc; path = SettingViewController.m; sourceTree = "<group>"; };
		DD78C3161AD010E5007594B3 /* RankingViewController.h */ = {isa = PBXFileReference; fileEncoding = 4; lastKnownFileType = sourcecode.c.h; path = RankingViewController.h; sourceTree = "<group>"; };
		DD78C3171AD010E5007594B3 /* RankingViewController.m */ = {isa = PBXFileReference; fileEncoding = 4; lastKnownFileType = sourcecode.c.objc; path = RankingViewController.m; sourceTree = "<group>"; };
		DD78C31A1AD0155D007594B3 /* SignInAndSignUpViewController.h */ = {isa = PBXFileReference; fileEncoding = 4; lastKnownFileType = sourcecode.c.h; path = SignInAndSignUpViewController.h; sourceTree = "<group>"; };
		DD78C31B1AD0155D007594B3 /* SignInAndSignUpViewController.m */ = {isa = PBXFileReference; fileEncoding = 4; lastKnownFileType = sourcecode.c.objc; path = SignInAndSignUpViewController.m; sourceTree = "<group>"; };
		DD841D9B1AC97B8300F7981D /* Memory.app */ = {isa = PBXFileReference; explicitFileType = wrapper.application; includeInIndex = 0; path = Memory.app; sourceTree = BUILT_PRODUCTS_DIR; };
		DD841D9F1AC97B8300F7981D /* Info.plist */ = {isa = PBXFileReference; lastKnownFileType = text.plist.xml; path = Info.plist; sourceTree = "<group>"; };
		DD841DA01AC97B8300F7981D /* main.m */ = {isa = PBXFileReference; lastKnownFileType = sourcecode.c.objc; path = main.m; sourceTree = "<group>"; };
		DD841DA21AC97B8300F7981D /* AppDelegate.h */ = {isa = PBXFileReference; lastKnownFileType = sourcecode.c.h; path = AppDelegate.h; sourceTree = "<group>"; };
		DD841DA31AC97B8300F7981D /* AppDelegate.m */ = {isa = PBXFileReference; lastKnownFileType = sourcecode.c.objc; path = AppDelegate.m; sourceTree = "<group>"; };
		DD841DA51AC97B8300F7981D /* ViewController.h */ = {isa = PBXFileReference; fileEncoding = 4; lastKnownFileType = sourcecode.c.h; path = ViewController.h; sourceTree = "<group>"; };
		DD841DA61AC97B8300F7981D /* ViewController.m */ = {isa = PBXFileReference; fileEncoding = 4; lastKnownFileType = sourcecode.c.objc; path = ViewController.m; sourceTree = "<group>"; };
		DD841DA91AC97B8300F7981D /* Base */ = {isa = PBXFileReference; lastKnownFileType = file.storyboard; name = Base; path = Base.lproj/Main.storyboard; sourceTree = "<group>"; };
		DD841DAB1AC97B8300F7981D /* Images.xcassets */ = {isa = PBXFileReference; lastKnownFileType = folder.assetcatalog; path = Images.xcassets; sourceTree = "<group>"; };
		DD841DAE1AC97B8300F7981D /* Base */ = {isa = PBXFileReference; lastKnownFileType = file.xib; name = Base; path = Base.lproj/LaunchScreen.xib; sourceTree = "<group>"; };
		DD841DB41AC97B8300F7981D /* MemoryTests.xctest */ = {isa = PBXFileReference; explicitFileType = wrapper.cfbundle; includeInIndex = 0; path = MemoryTests.xctest; sourceTree = BUILT_PRODUCTS_DIR; };
		DD841DB91AC97B8300F7981D /* Info.plist */ = {isa = PBXFileReference; lastKnownFileType = text.plist.xml; path = Info.plist; sourceTree = "<group>"; };
		DD841DBA1AC97B8300F7981D /* MemoryTests.m */ = {isa = PBXFileReference; lastKnownFileType = sourcecode.c.objc; path = MemoryTests.m; sourceTree = "<group>"; };
/* End PBXFileReference section */

/* Begin PBXFrameworksBuildPhase section */
		DD841D981AC97B8300F7981D /* Frameworks */ = {
			isa = PBXFrameworksBuildPhase;
			buildActionMask = 2147483647;
			files = (
			);
			runOnlyForDeploymentPostprocessing = 0;
		};
		DD841DB11AC97B8300F7981D /* Frameworks */ = {
			isa = PBXFrameworksBuildPhase;
			buildActionMask = 2147483647;
			files = (
			);
			runOnlyForDeploymentPostprocessing = 0;
		};
/* End PBXFrameworksBuildPhase section */

/* Begin PBXGroup section */
		DD2F8D651ACFBCEC004CDF4D /* Home screen */ = {
			isa = PBXGroup;
			children = (
				DD2F8D661ACFBD32004CDF4D /* HomeScreenViewController.h */,
				DD2F8D671ACFBD32004CDF4D /* HomeScreenViewController.m */,
			);
			name = "Home screen";
			sourceTree = "<group>";
		};
		DD78C3101AD00482007594B3 /* game view */ = {
			isa = PBXGroup;
			children = (
				DD841DA61AC97B8300F7981D /* ViewController.m */,
				DD841DA51AC97B8300F7981D /* ViewController.h */,
			);
			name = "game view";
			sourceTree = "<group>";
		};
		DD78C3111AD00BB3007594B3 /* Setting view */ = {
			isa = PBXGroup;
			children = (
				DD78C3121AD00BF4007594B3 /* SettingViewController.h */,
				DD78C3131AD00BF4007594B3 /* SettingViewController.m */,
			);
			name = "Setting view";
			sourceTree = "<group>";
		};
		DD78C3151AD0106B007594B3 /* Ranking view */ = {
			isa = PBXGroup;
			children = (
				DD78C3161AD010E5007594B3 /* RankingViewController.h */,
				DD78C3171AD010E5007594B3 /* RankingViewController.m */,
			);
			name = "Ranking view";
			sourceTree = "<group>";
		};
		DD78C3191AD0152F007594B3 /* SignI n and Sign up */ = {
			isa = PBXGroup;
			children = (
				DD78C31A1AD0155D007594B3 /* SignInAndSignUpViewController.h */,
				DD78C31B1AD0155D007594B3 /* SignInAndSignUpViewController.m */,
			);
			name = "SignI n and Sign up";
			sourceTree = "<group>";
		};
		DD841D921AC97B8300F7981D = {
			isa = PBXGroup;
			children = (
				DD841D9D1AC97B8300F7981D /* Memory */,
				DD841DB71AC97B8300F7981D /* MemoryTests */,
				DD841D9C1AC97B8300F7981D /* Products */,
			);
			sourceTree = "<group>";
		};
		DD841D9C1AC97B8300F7981D /* Products */ = {
			isa = PBXGroup;
			children = (
				DD841D9B1AC97B8300F7981D /* Memory.app */,
				DD841DB41AC97B8300F7981D /* MemoryTests.xctest */,
			);
			name = Products;
			sourceTree = "<group>";
		};
		DD841D9D1AC97B8300F7981D /* Memory */ = {
			isa = PBXGroup;
			children = (
				DD78C3191AD0152F007594B3 /* SignI n and Sign up */,
				DD78C3151AD0106B007594B3 /* Ranking view */,
				DD78C3111AD00BB3007594B3 /* Setting view */,
				DD78C3101AD00482007594B3 /* game view */,
				DD2F8D651ACFBCEC004CDF4D /* Home screen */,
				DDFF80BA1AC9E87400DABDC7 /* images */,
				DD841DA21AC97B8300F7981D /* AppDelegate.h */,
				DD841DA31AC97B8300F7981D /* AppDelegate.m */,
				DD841DA81AC97B8300F7981D /* Main.storyboard */,
				DD841DAB1AC97B8300F7981D /* Images.xcassets */,
				DD841DAD1AC97B8300F7981D /* LaunchScreen.xib */,
				DD841D9E1AC97B8300F7981D /* Supporting Files */,
			);
			path = Memory;
			sourceTree = "<group>";
		};
		DD841D9E1AC97B8300F7981D /* Supporting Files */ = {
			isa = PBXGroup;
			children = (
				DD841D9F1AC97B8300F7981D /* Info.plist */,
				DD841DA01AC97B8300F7981D /* main.m */,
			);
			name = "Supporting Files";
			sourceTree = "<group>";
		};
		DD841DB71AC97B8300F7981D /* MemoryTests */ = {
			isa = PBXGroup;
			children = (
				DD841DBA1AC97B8300F7981D /* MemoryTests.m */,
				DD841DB81AC97B8300F7981D /* Supporting Files */,
			);
			path = MemoryTests;
			sourceTree = "<group>";
		};
		DD841DB81AC97B8300F7981D /* Supporting Files */ = {
			isa = PBXGroup;
			children = (
				DD841DB91AC97B8300F7981D /* Info.plist */,
			);
			name = "Supporting Files";
			sourceTree = "<group>";
		};
		DDFF80BA1AC9E87400DABDC7 /* images */ = {
			isa = PBXGroup;
			children = (
				DD78C30E1AD0023F007594B3 /* 99-01.png */,
				DD78C30A1ACFFDBF007594B3 /* 09-01.png */,
				DD78C30B1ACFFDBF007594B3 /* 10-01.png */,
				DD2079F91ACF096A00645721 /* 11.png */,
				DD2079FA1ACF096A00645721 /* 22.png */,
				DD2079FB1ACF096A00645721 /* 33.png */,
				DD2079FC1ACF096A00645721 /* 44.png */,
				DD2079FD1ACF096A00645721 /* 55.png */,
				DD2079FE1ACF096A00645721 /* 66.png */,
				DD2079FF1ACF096A00645721 /* 77.png */,
				DD207A001ACF096A00645721 /* 88.png */,
				DD207A011ACF096A00645721 /* back.png */,
			);
			name = images;
			sourceTree = "<group>";
		};
/* End PBXGroup section */

/* Begin PBXNativeTarget section */
		DD841D9A1AC97B8300F7981D /* Memory */ = {
			isa = PBXNativeTarget;
			buildConfigurationList = DD841DBE1AC97B8300F7981D /* Build configuration list for PBXNativeTarget "Memory" */;
			buildPhases = (
				DD841D971AC97B8300F7981D /* Sources */,
				DD841D981AC97B8300F7981D /* Frameworks */,
				DD841D991AC97B8300F7981D /* Resources */,
			);
			buildRules = (
			);
			dependencies = (
			);
			name = Memory;
			productName = Memory;
			productReference = DD841D9B1AC97B8300F7981D /* Memory.app */;
			productType = "com.apple.product-type.application";
		};
		DD841DB31AC97B8300F7981D /* MemoryTests */ = {
			isa = PBXNativeTarget;
			buildConfigurationList = DD841DC11AC97B8300F7981D /* Build configuration list for PBXNativeTarget "MemoryTests" */;
			buildPhases = (
				DD841DB01AC97B8300F7981D /* Sources */,
				DD841DB11AC97B8300F7981D /* Frameworks */,
				DD841DB21AC97B8300F7981D /* Resources */,
			);
			buildRules = (
			);
			dependencies = (
				DD841DB61AC97B8300F7981D /* PBXTargetDependency */,
			);
			name = MemoryTests;
			productName = MemoryTests;
			productReference = DD841DB41AC97B8300F7981D /* MemoryTests.xctest */;
			productType = "com.apple.product-type.bundle.unit-test";
		};
/* End PBXNativeTarget section */

/* Begin PBXProject section */
		DD841D931AC97B8300F7981D /* Project object */ = {
			isa = PBXProject;
			attributes = {
				LastUpgradeCheck = 0610;
				ORGANIZATIONNAME = "marian samy";
				TargetAttributes = {
					DD841D9A1AC97B8300F7981D = {
						CreatedOnToolsVersion = 6.1;
					};
					DD841DB31AC97B8300F7981D = {
						CreatedOnToolsVersion = 6.1;
						TestTargetID = DD841D9A1AC97B8300F7981D;
					};
				};
			};
			buildConfigurationList = DD841D961AC97B8300F7981D /* Build configuration list for PBXProject "Memory" */;
			compatibilityVersion = "Xcode 3.2";
			developmentRegion = English;
			hasScannedForEncodings = 0;
			knownRegions = (
				en,
				Base,
			);
			mainGroup = DD841D921AC97B8300F7981D;
			productRefGroup = DD841D9C1AC97B8300F7981D /* Products */;
			projectDirPath = "";
			projectRoot = "";
			targets = (
				DD841D9A1AC97B8300F7981D /* Memory */,
				DD841DB31AC97B8300F7981D /* MemoryTests */,
			);
		};
/* End PBXProject section */

/* Begin PBXResourcesBuildPhase section */
		DD841D991AC97B8300F7981D /* Resources */ = {
			isa = PBXResourcesBuildPhase;
			buildActionMask = 2147483647;
			files = (
				DD78C30C1ACFFDBF007594B3 /* 09-01.png in Resources */,
				DD207A051ACF096A00645721 /* 44.png in Resources */,
				DD207A071ACF096A00645721 /* 66.png in Resources */,
				DD207A031ACF096A00645721 /* 22.png in Resources */,
				DD207A041ACF096A00645721 /* 33.png in Resources */,
				DD78C30D1ACFFDBF007594B3 /* 10-01.png in Resources */,
				DD207A061ACF096A00645721 /* 55.png in Resources */,
				DD207A091ACF096A00645721 /* 88.png in Resources */,
				DD207A081ACF096A00645721 /* 77.png in Resources */,
				DD841DAA1AC97B8300F7981D /* Main.storyboard in Resources */,
				DD207A0A1ACF096A00645721 /* back.png in Resources */,
				DD841DAF1AC97B8300F7981D /* LaunchScreen.xib in Resources */,
				DD841DAC1AC97B8300F7981D /* Images.xcassets in Resources */,
				DD78C30F1AD0023F007594B3 /* 99-01.png in Resources */,
				DD207A021ACF096A00645721 /* 11.png in Resources */,
			);
			runOnlyForDeploymentPostprocessing = 0;
		};
		DD841DB21AC97B8300F7981D /* Resources */ = {
			isa = PBXResourcesBuildPhase;
			buildActionMask = 2147483647;
			files = (
			);
			runOnlyForDeploymentPostprocessing = 0;
		};
/* End PBXResourcesBuildPhase section */

/* Begin PBXSourcesBuildPhase section */
		DD841D971AC97B8300F7981D /* Sources */ = {
			isa = PBXSourcesBuildPhase;
			buildActionMask = 2147483647;
			files = (
				DD841DA71AC97B8300F7981D /* ViewController.m in Sources */,
				DD2F8D681ACFBD32004CDF4D /* HomeScreenViewController.m in Sources */,
				DD78C31C1AD0155D007594B3 /* SignInAndSignUpViewController.m in Sources */,
				DD841DA41AC97B8300F7981D /* AppDelegate.m in Sources */,
				DD841DA11AC97B8300F7981D /* main.m in Sources */,
				DD78C3141AD00BF4007594B3 /* SettingViewController.m in Sources */,
				DD78C3181AD010E5007594B3 /* RankingViewController.m in Sources */,
			);
			runOnlyForDeploymentPostprocessing = 0;
		};
		DD841DB01AC97B8300F7981D /* Sources */ = {
			isa = PBXSourcesBuildPhase;
			buildActionMask = 2147483647;
			files = (
				DD841DBB1AC97B8300F7981D /* MemoryTests.m in Sources */,
			);
			runOnlyForDeploymentPostprocessing = 0;
		};
/* End PBXSourcesBuildPhase section */

/* Begin PBXTargetDependency section */
		DD841DB61AC97B8300F7981D /* PBXTargetDependency */ = {
			isa = PBXTargetDependency;
			target = DD841D9A1AC97B8300F7981D /* Memory */;
			targetProxy = DD841DB51AC97B8300F7981D /* PBXContainerItemProxy */;
		};
/* End PBXTargetDependency section */

/* Begin PBXVariantGroup section */
		DD841DA81AC97B8300F7981D /* Main.storyboard */ = {
			isa = PBXVariantGroup;
			children = (
				DD841DA91AC97B8300F7981D /* Base */,
			);
			name = Main.storyboard;
			sourceTree = "<group>";
		};
		DD841DAD1AC97B8300F7981D /* LaunchScreen.xib */ = {
			isa = PBXVariantGroup;
			children = (
				DD841DAE1AC97B8300F7981D /* Base */,
			);
			name = LaunchScreen.xib;
			sourceTree = "<group>";
		};
/* End PBXVariantGroup section */

/* Begin XCBuildConfiguration section */
		DD841DBC1AC97B8300F7981D /* Debug */ = {
			isa = XCBuildConfiguration;
			buildSettings = {
				ALWAYS_SEARCH_USER_PATHS = NO;
				CLANG_CXX_LANGUAGE_STANDARD = "gnu++0x";
				CLANG_CXX_LIBRARY = "libc++";
				CLANG_ENABLE_MODULES = YES;
				CLANG_ENABLE_OBJC_ARC = YES;
				CLANG_WARN_BOOL_CONVERSION = YES;
				CLANG_WARN_CONSTANT_CONVERSION = YES;
				CLANG_WARN_DIRECT_OBJC_ISA_USAGE = YES_ERROR;
				CLANG_WARN_EMPTY_BODY = YES;
				CLANG_WARN_ENUM_CONVERSION = YES;
				CLANG_WARN_INT_CONVERSION = YES;
				CLANG_WARN_OBJC_ROOT_CLASS = YES_ERROR;
				CLANG_WARN_UNREACHABLE_CODE = YES;
				CLANG_WARN__DUPLICATE_METHOD_MATCH = YES;
				"CODE_SIGN_IDENTITY[sdk=iphoneos*]" = "iPhone Developer";
				COPY_PHASE_STRIP = NO;
				ENABLE_STRICT_OBJC_MSGSEND = YES;
				GCC_C_LANGUAGE_STANDARD = gnu99;
				GCC_DYNAMIC_NO_PIC = NO;
				GCC_OPTIMIZATION_LEVEL = 0;
				GCC_PREPROCESSOR_DEFINITIONS = (
					"DEBUG=1",
					"$(inherited)",
				);
				GCC_SYMBOLS_PRIVATE_EXTERN = NO;
				GCC_WARN_64_TO_32_BIT_CONVERSION = YES;
				GCC_WARN_ABOUT_RETURN_TYPE = YES_ERROR;
				GCC_WARN_UNDECLARED_SELECTOR = YES;
				GCC_WARN_UNINITIALIZED_AUTOS = YES_AGGRESSIVE;
				GCC_WARN_UNUSED_FUNCTION = YES;
				GCC_WARN_UNUSED_VARIABLE = YES;
				IPHONEOS_DEPLOYMENT_TARGET = 8.1;
				MTL_ENABLE_DEBUG_INFO = YES;
				ONLY_ACTIVE_ARCH = YES;
				SDKROOT = iphoneos;
				TARGETED_DEVICE_FAMILY = "1,2";
			};
			name = Debug;
		};
		DD841DBD1AC97B8300F7981D /* Release */ = {
			isa = XCBuildConfiguration;
			buildSettings = {
				ALWAYS_SEARCH_USER_PATHS = NO;
				CLANG_CXX_LANGUAGE_STANDARD = "gnu++0x";
				CLANG_CXX_LIBRARY = "libc++";
				CLANG_ENABLE_MODULES = YES;
				CLANG_ENABLE_OBJC_ARC = YES;
				CLANG_WARN_BOOL_CONVERSION = YES;
				CLANG_WARN_CONSTANT_CONVERSION = YES;
				CLANG_WARN_DIRECT_OBJC_ISA_USAGE = YES_ERROR;
				CLANG_WARN_EMPTY_BODY = YES;
				CLANG_WARN_ENUM_CONVERSION = YES;
				CLANG_WARN_INT_CONVERSION = YES;
				CLANG_WARN_OBJC_ROOT_CLASS = YES_ERROR;
				CLANG_WARN_UNREACHABLE_CODE = YES;
				CLANG_WARN__DUPLICATE_METHOD_MATCH = YES;
				"CODE_SIGN_IDENTITY[sdk=iphoneos*]" = "iPhone Developer";
				COPY_PHASE_STRIP = YES;
				ENABLE_NS_ASSERTIONS = NO;
				ENABLE_STRICT_OBJC_MSGSEND = YES;
				GCC_C_LANGUAGE_STANDARD = gnu99;
				GCC_WARN_64_TO_32_BIT_CONVERSION = YES;
				GCC_WARN_ABOUT_RETURN_TYPE = YES_ERROR;
				GCC_WARN_UNDECLARED_SELECTOR = YES;
				GCC_WARN_UNINITIALIZED_AUTOS = YES_AGGRESSIVE;
				GCC_WARN_UNUSED_FUNCTION = YES;
				GCC_WARN_UNUSED_VARIABLE = YES;
				IPHONEOS_DEPLOYMENT_TARGET = 8.1;
				MTL_ENABLE_DEBUG_INFO = NO;
				SDKROOT = iphoneos;
				TARGETED_DEVICE_FAMILY = "1,2";
				VALIDATE_PRODUCT = YES;
			};
			name = Release;
		};
		DD841DBF1AC97B8300F7981D /* Debug */ = {
			isa = XCBuildConfiguration;
			buildSettings = {
				ASSETCATALOG_COMPILER_APPICON_NAME = AppIcon;
				INFOPLIST_FILE = Memory/Info.plist;
				LD_RUNPATH_SEARCH_PATHS = "$(inherited) @executable_path/Frameworks";
				PRODUCT_NAME = "$(TARGET_NAME)";
			};
			name = Debug;
		};
		DD841DC01AC97B8300F7981D /* Release */ = {
			isa = XCBuildConfiguration;
			buildSettings = {
				ASSETCATALOG_COMPILER_APPICON_NAME = AppIcon;
				INFOPLIST_FILE = Memory/Info.plist;
				LD_RUNPATH_SEARCH_PATHS = "$(inherited) @executable_path/Frameworks";
				PRODUCT_NAME = "$(TARGET_NAME)";
			};
			name = Release;
		};
		DD841DC21AC97B8300F7981D /* Debug */ = {
			isa = XCBuildConfiguration;
			buildSettings = {
				BUNDLE_LOADER = "$(TEST_HOST)";
				FRAMEWORK_SEARCH_PATHS = (
					"$(SDKROOT)/Developer/Library/Frameworks",
					"$(inherited)",
				);
				GCC_PREPROCESSOR_DEFINITIONS = (
					"DEBUG=1",
					"$(inherited)",
				);
				INFOPLIST_FILE = MemoryTests/Info.plist;
				LD_RUNPATH_SEARCH_PATHS = "$(inherited) @executable_path/Frameworks @loader_path/Frameworks";
				PRODUCT_NAME = "$(TARGET_NAME)";
				TEST_HOST = "$(BUILT_PRODUCTS_DIR)/Memory.app/Memory";
			};
			name = Debug;
		};
		DD841DC31AC97B8300F7981D /* Release */ = {
			isa = XCBuildConfiguration;
			buildSettings = {
				BUNDLE_LOADER = "$(TEST_HOST)";
				FRAMEWORK_SEARCH_PATHS = (
					"$(SDKROOT)/Developer/Library/Frameworks",
					"$(inherited)",
				);
				INFOPLIST_FILE = MemoryTests/Info.plist;
				LD_RUNPATH_SEARCH_PATHS = "$(inherited) @executable_path/Frameworks @loader_path/Frameworks";
				PRODUCT_NAME = "$(TARGET_NAME)";
				TEST_HOST = "$(BUILT_PRODUCTS_DIR)/Memory.app/Memory";
			};
			name = Release;
		};
/* End XCBuildConfiguration section */

/* Begin XCConfigurationList section */
		DD841D961AC97B8300F7981D /* Build configuration list for PBXProject "Memory" */ = {
			isa = XCConfigurationList;
			buildConfigurations = (
				DD841DBC1AC97B8300F7981D /* Debug */,
				DD841DBD1AC97B8300F7981D /* Release */,
			);
			defaultConfigurationIsVisible = 0;
			defaultConfigurationName = Release;
		};
		DD841DBE1AC97B8300F7981D /* Build configuration list for PBXNativeTarget "Memory" */ = {
			isa = XCConfigurationList;
			buildConfigurations = (
				DD841DBF1AC97B8300F7981D /* Debug */,
				DD841DC01AC97B8300F7981D /* Release */,
			);
			defaultConfigurationIsVisible = 0;
			defaultConfigurationName = Release;
		};
		DD841DC11AC97B8300F7981D /* Build configuration list for PBXNativeTarget "MemoryTests" */ = {
			isa = XCConfigurationList;
			buildConfigurations = (
				DD841DC21AC97B8300F7981D /* Debug */,
				DD841DC31AC97B8300F7981D /* Release */,
			);
			defaultConfigurationIsVisible = 0;
			defaultConfigurationName = Release;
		};
/* End XCConfigurationList section */
	};
	rootObject = DD841D931AC97B8300F7981D /* Project object */;
}
