// !$*UTF8*$!
{
	archiveVersion = 1;
	classes = {
	};
	objectVersion = 46;
	objects = {

/* Begin PBXBuildFile section */
		D18C1F001ADBBEE200D4ECDC /* lose_tone.mp3 in Resources */ = {isa = PBXBuildFile; fileRef = D18C1EFD1ADBBEE200D4ECDC /* lose_tone.mp3 */; };
		D18C1F011ADBBEE200D4ECDC /* matched_tone.mp3 in Resources */ = {isa = PBXBuildFile; fileRef = D18C1EFE1ADBBEE200D4ECDC /* matched_tone.mp3 */; };
		D18C1F021ADBBEE200D4ECDC /* win_tone.mp3 in Resources */ = {isa = PBXBuildFile; fileRef = D18C1EFF1ADBBEE200D4ECDC /* win_tone.mp3 */; };
		D18C1F041ADBC77600D4ECDC /* main_tone.mp3 in Resources */ = {isa = PBXBuildFile; fileRef = D18C1F031ADBC77600D4ECDC /* main_tone.mp3 */; };
		D19506851AD1CA7C007E41ED /* ProfileViewController.m in Sources */ = {isa = PBXBuildFile; fileRef = D19506841AD1CA7C007E41ED /* ProfileViewController.m */; };
		D19B785D1ADB326F00E46556 /* 204-02.png in Resources */ = {isa = PBXBuildFile; fileRef = D19B785C1ADB326F00E46556 /* 204-02.png */; };
		D19B785F1ADB327A00E46556 /* game_text.png in Resources */ = {isa = PBXBuildFile; fileRef = D19B785E1ADB327A00E46556 /* game_text.png */; };
		D19B78611ADB328000E46556 /* bg.png in Resources */ = {isa = PBXBuildFile; fileRef = D19B78601ADB328000E46556 /* bg.png */; };
		D19B78651ADB32CD00E46556 /* splashScreenViewController.m in Sources */ = {isa = PBXBuildFile; fileRef = D19B78641ADB32CD00E46556 /* splashScreenViewController.m */; };
		DD1274791AD9AF1900FB808B /* green-02.png in Resources */ = {isa = PBXBuildFile; fileRef = DD1274781AD9AF1900FB808B /* green-02.png */; };
		DD1E24F51AD565E000B9AAB9 /* 1.png in Resources */ = {isa = PBXBuildFile; fileRef = DD1E24E21AD565E000B9AAB9 /* 1.png */; };
		DD1E24F61AD565E000B9AAB9 /* 2.png in Resources */ = {isa = PBXBuildFile; fileRef = DD1E24E31AD565E000B9AAB9 /* 2.png */; };
		DD1E24F71AD565E000B9AAB9 /* 3.png in Resources */ = {isa = PBXBuildFile; fileRef = DD1E24E41AD565E000B9AAB9 /* 3.png */; };
		DD1E24F81AD565E000B9AAB9 /* 4.png in Resources */ = {isa = PBXBuildFile; fileRef = DD1E24E51AD565E000B9AAB9 /* 4.png */; };
		DD1E24F91AD565E000B9AAB9 /* 5.png in Resources */ = {isa = PBXBuildFile; fileRef = DD1E24E61AD565E000B9AAB9 /* 5.png */; };
		DD1E24FA1AD565E000B9AAB9 /* 6.png in Resources */ = {isa = PBXBuildFile; fileRef = DD1E24E71AD565E000B9AAB9 /* 6.png */; };
		DD1E24FB1AD565E000B9AAB9 /* 7.png in Resources */ = {isa = PBXBuildFile; fileRef = DD1E24E81AD565E000B9AAB9 /* 7.png */; };
		DD1E24FC1AD565E000B9AAB9 /* 8.png in Resources */ = {isa = PBXBuildFile; fileRef = DD1E24E91AD565E000B9AAB9 /* 8.png */; };
		DD1E24FD1AD565E000B9AAB9 /* face.png in Resources */ = {isa = PBXBuildFile; fileRef = DD1E24EA1AD565E000B9AAB9 /* face.png */; };
		DD1E24FE1AD565E000B9AAB9 /* homeNew-02.jpg in Resources */ = {isa = PBXBuildFile; fileRef = DD1E24EB1AD565E000B9AAB9 /* homeNew-02.jpg */; };
		DD1E24FF1AD565E000B9AAB9 /* login.png in Resources */ = {isa = PBXBuildFile; fileRef = DD1E24EC1AD565E000B9AAB9 /* login.png */; };
		DD1E25001AD565E000B9AAB9 /* logo.png in Resources */ = {isa = PBXBuildFile; fileRef = DD1E24ED1AD565E000B9AAB9 /* logo.png */; };
		DD1E25011AD565E000B9AAB9 /* new1.png in Resources */ = {isa = PBXBuildFile; fileRef = DD1E24EE1AD565E000B9AAB9 /* new1.png */; };
		DD1E25021AD565E000B9AAB9 /* play.png in Resources */ = {isa = PBXBuildFile; fileRef = DD1E24EF1AD565E000B9AAB9 /* play.png */; };
		DD1E25031AD565E000B9AAB9 /* radwa1.jpg in Resources */ = {isa = PBXBuildFile; fileRef = DD1E24F01AD565E000B9AAB9 /* radwa1.jpg */; };
		DD1E25041AD565E000B9AAB9 /* radwa2.jpg in Resources */ = {isa = PBXBuildFile; fileRef = DD1E24F11AD565E000B9AAB9 /* radwa2.jpg */; };
		DD1E25051AD565E000B9AAB9 /* score.png in Resources */ = {isa = PBXBuildFile; fileRef = DD1E24F21AD565E000B9AAB9 /* score.png */; };
		DD1E25061AD565E000B9AAB9 /* setting.png in Resources */ = {isa = PBXBuildFile; fileRef = DD1E24F31AD565E000B9AAB9 /* setting.png */; };
		DD1E25071AD565E000B9AAB9 /* star.png in Resources */ = {isa = PBXBuildFile; fileRef = DD1E24F41AD565E000B9AAB9 /* star.png */; };
		DD1E250D1AD56A8600B9AAB9 /* Main.storyboard in Resources */ = {isa = PBXBuildFile; fileRef = DD1E250B1AD56A8600B9AAB9 /* Main.storyboard */; };
		DD2F8D681ACFBD32004CDF4D /* HomeScreenViewController.m in Sources */ = {isa = PBXBuildFile; fileRef = DD2F8D671ACFBD32004CDF4D /* HomeScreenViewController.m */; };
		DD3682F31ADD4F4E00007B96 /* UserRanking.m in Sources */ = {isa = PBXBuildFile; fileRef = DD3682F21ADD4F4E00007B96 /* UserRanking.m */; };
		DD43C8D61ADC3E0900F50F06 /* MyUser.m in Sources */ = {isa = PBXBuildFile; fileRef = DD43C8D51ADC3E0900F50F06 /* MyUser.m */; };
		DD43C8D81ADC4BD300F50F06 /* userInfo.plist in Resources */ = {isa = PBXBuildFile; fileRef = DD43C8D71ADC4BD300F50F06 /* userInfo.plist */; };
		DD43C8DA1ADC65E600F50F06 /* rankinkplist.plist in Resources */ = {isa = PBXBuildFile; fileRef = DD43C8D91ADC65E600F50F06 /* rankinkplist.plist */; };
		DD4681FC1ADD1B1F00B1A58D /* MyUserRanking.m in Sources */ = {isa = PBXBuildFile; fileRef = DD4681FB1ADD1B1F00B1A58D /* MyUserRanking.m */; };
		DD4681FE1ADD22A300B1A58D /* SystemConfiguration.framework in Frameworks */ = {isa = PBXBuildFile; fileRef = DD4681FD1ADD22A300B1A58D /* SystemConfiguration.framework */; };
		DD4682001ADD22E700B1A58D /* CFNetwork.framework in Frameworks */ = {isa = PBXBuildFile; fileRef = DD4681FF1ADD22E700B1A58D /* CFNetwork.framework */; };
		DD4682021ADD23E200B1A58D /* Untitled-4-04.png in Resources */ = {isa = PBXBuildFile; fileRef = DD4682011ADD23E200B1A58D /* Untitled-4-04.png */; };
		DD4682051ADD244300B1A58D /* Reachability.m in Sources */ = {isa = PBXBuildFile; fileRef = DD4682041ADD244300B1A58D /* Reachability.m */; };
		DD78C3141AD00BF4007594B3 /* SettingViewController.m in Sources */ = {isa = PBXBuildFile; fileRef = DD78C3131AD00BF4007594B3 /* SettingViewController.m */; };
		DD78C3181AD010E5007594B3 /* RankingViewController.m in Sources */ = {isa = PBXBuildFile; fileRef = DD78C3171AD010E5007594B3 /* RankingViewController.m */; };
		DD78C31C1AD0155D007594B3 /* SignInAndSignUpViewController.m in Sources */ = {isa = PBXBuildFile; fileRef = DD78C31B1AD0155D007594B3 /* SignInAndSignUpViewController.m */; };
		DD841DA11AC97B8300F7981D /* main.m in Sources */ = {isa = PBXBuildFile; fileRef = DD841DA01AC97B8300F7981D /* main.m */; };
		DD841DA41AC97B8300F7981D /* AppDelegate.m in Sources */ = {isa = PBXBuildFile; fileRef = DD841DA31AC97B8300F7981D /* AppDelegate.m */; };
		DD841DA71AC97B8300F7981D /* ViewController.m in Sources */ = {isa = PBXBuildFile; fileRef = DD841DA61AC97B8300F7981D /* ViewController.m */; };
		DD841DBB1AC97B8300F7981D /* MemoryTests.m in Sources */ = {isa = PBXBuildFile; fileRef = DD841DBA1AC97B8300F7981D /* MemoryTests.m */; };
		DD9AE1641AD54E6C00094B6A /* SignUpViewController.m in Sources */ = {isa = PBXBuildFile; fileRef = DD9AE1631AD54E6C00094B6A /* SignUpViewController.m */; };
		DD9AE1661AD5512700094B6A /* user.png in Resources */ = {isa = PBXBuildFile; fileRef = DD9AE1651AD5512700094B6A /* user.png */; };
		DDC172481ADD1458009B04F2 /* logout_image.png in Resources */ = {isa = PBXBuildFile; fileRef = DDC172461ADD1458009B04F2 /* logout_image.png */; };
		DDC172491ADD1458009B04F2 /* profile.png in Resources */ = {isa = PBXBuildFile; fileRef = DDC172471ADD1458009B04F2 /* profile.png */; };
		DDFAECD71AD543F400D37CCE /* AudioToolbox.framework in Frameworks */ = {isa = PBXBuildFile; fileRef = DDFAECD61AD543F400D37CCE /* AudioToolbox.framework */; };
		DDFAECDA1AD5447400D37CCE /* multimedia_button_click.mp3 in Resources */ = {isa = PBXBuildFile; fileRef = DDFAECD91AD5447400D37CCE /* multimedia_button_click.mp3 */; };
		DDFAECDC1AD5452D00D37CCE /* matched.mp3 in Resources */ = {isa = PBXBuildFile; fileRef = DDFAECDB1AD5452D00D37CCE /* matched.mp3 */; };
		DDFAECDE1AD5463A00D37CCE /* AVFoundation.framework in Frameworks */ = {isa = PBXBuildFile; fileRef = DDFAECDD1AD5463A00D37CCE /* AVFoundation.framework */; };
/* End PBXBuildFile section */

/* Begin PBXContainerItemProxy section */
		DD841DB51AC97B8300F7981D /* PBXContainerItemProxy */ = {
			isa = PBXContainerItemProxy;
			containerPortal = DD841D931AC97B8300F7981D /* Project object */;
			proxyType = 1;
			remoteGlobalIDString = DD841D9A1AC97B8300F7981D;
			remoteInfo = Memory;
		};
/* End PBXContainerItemProxy section */

/* Begin PBXFileReference section */
		D18C1EFD1ADBBEE200D4ECDC /* lose_tone.mp3 */ = {isa = PBXFileReference; lastKnownFileType = audio.mp3; name = lose_tone.mp3; path = sound/lose_tone.mp3; sourceTree = SOURCE_ROOT; };
		D18C1EFE1ADBBEE200D4ECDC /* matched_tone.mp3 */ = {isa = PBXFileReference; lastKnownFileType = audio.mp3; name = matched_tone.mp3; path = sound/matched_tone.mp3; sourceTree = SOURCE_ROOT; };
		D18C1EFF1ADBBEE200D4ECDC /* win_tone.mp3 */ = {isa = PBXFileReference; lastKnownFileType = audio.mp3; name = win_tone.mp3; path = sound/win_tone.mp3; sourceTree = SOURCE_ROOT; };
		D18C1F031ADBC77600D4ECDC /* main_tone.mp3 */ = {isa = PBXFileReference; lastKnownFileType = audio.mp3; name = main_tone.mp3; path = sound/main_tone.mp3; sourceTree = SOURCE_ROOT; };
		D192049E1AD17EF600557E6C /* Default-568h@2x.png */ = {isa = PBXFileReference; lastKnownFileType = image.png; path = "Default-568h@2x.png"; sourceTree = "<group>"; };
		D19204B51AD189A900557E6C /* 10-01.png */ = {isa = PBXFileReference; lastKnownFileType = image.png; name = "10-01.png"; path = "images/10-01.png"; sourceTree = SOURCE_ROOT; };
		D19506831AD1CA7C007E41ED /* ProfileViewController.h */ = {isa = PBXFileReference; fileEncoding = 4; lastKnownFileType = sourcecode.c.h; path = ProfileViewController.h; sourceTree = "<group>"; };
		D19506841AD1CA7C007E41ED /* ProfileViewController.m */ = {isa = PBXFileReference; fileEncoding = 4; lastKnownFileType = sourcecode.c.objc; path = ProfileViewController.m; sourceTree = "<group>"; };
		D19506861AD1D9BD007E41ED /* user.png */ = {isa = PBXFileReference; lastKnownFileType = image.png; path = user.png; sourceTree = "<group>"; };
		D19B785C1ADB326F00E46556 /* 204-02.png */ = {isa = PBXFileReference; lastKnownFileType = image.png; path = "204-02.png"; sourceTree = "<group>"; };
		D19B785E1ADB327A00E46556 /* game_text.png */ = {isa = PBXFileReference; lastKnownFileType = image.png; path = game_text.png; sourceTree = "<group>"; };
		D19B78601ADB328000E46556 /* bg.png */ = {isa = PBXFileReference; lastKnownFileType = image.png; path = bg.png; sourceTree = "<group>"; };
		D19B78631ADB32CD00E46556 /* splashScreenViewController.h */ = {isa = PBXFileReference; fileEncoding = 4; lastKnownFileType = sourcecode.c.h; path = splashScreenViewController.h; sourceTree = "<group>"; };
		D19B78641ADB32CD00E46556 /* splashScreenViewController.m */ = {isa = PBXFileReference; fileEncoding = 4; lastKnownFileType = sourcecode.c.objc; path = splashScreenViewController.m; sourceTree = "<group>"; };
		DD1274781AD9AF1900FB808B /* green-02.png */ = {isa = PBXFileReference; lastKnownFileType = image.png; name = "green-02.png"; path = "images/green-02.png"; sourceTree = SOURCE_ROOT; };
		DD1E24E21AD565E000B9AAB9 /* 1.png */ = {isa = PBXFileReference; lastKnownFileType = image.png; name = 1.png; path = images/1.png; sourceTree = SOURCE_ROOT; };
		DD1E24E31AD565E000B9AAB9 /* 2.png */ = {isa = PBXFileReference; lastKnownFileType = image.png; name = 2.png; path = images/2.png; sourceTree = SOURCE_ROOT; };
		DD1E24E41AD565E000B9AAB9 /* 3.png */ = {isa = PBXFileReference; lastKnownFileType = image.png; name = 3.png; path = images/3.png; sourceTree = SOURCE_ROOT; };
		DD1E24E51AD565E000B9AAB9 /* 4.png */ = {isa = PBXFileReference; lastKnownFileType = image.png; name = 4.png; path = images/4.png; sourceTree = SOURCE_ROOT; };
		DD1E24E61AD565E000B9AAB9 /* 5.png */ = {isa = PBXFileReference; lastKnownFileType = image.png; name = 5.png; path = images/5.png; sourceTree = SOURCE_ROOT; };
		DD1E24E71AD565E000B9AAB9 /* 6.png */ = {isa = PBXFileReference; lastKnownFileType = image.png; name = 6.png; path = images/6.png; sourceTree = SOURCE_ROOT; };
		DD1E24E81AD565E000B9AAB9 /* 7.png */ = {isa = PBXFileReference; lastKnownFileType = image.png; name = 7.png; path = images/7.png; sourceTree = SOURCE_ROOT; };
		DD1E24E91AD565E000B9AAB9 /* 8.png */ = {isa = PBXFileReference; lastKnownFileType = image.png; name = 8.png; path = images/8.png; sourceTree = SOURCE_ROOT; };
		DD1E24EA1AD565E000B9AAB9 /* face.png */ = {isa = PBXFileReference; lastKnownFileType = image.png; name = face.png; path = images/face.png; sourceTree = SOURCE_ROOT; };
		DD1E24EB1AD565E000B9AAB9 /* homeNew-02.jpg */ = {isa = PBXFileReference; lastKnownFileType = image.jpeg; name = "homeNew-02.jpg"; path = "images/homeNew-02.jpg"; sourceTree = SOURCE_ROOT; };
		DD1E24EC1AD565E000B9AAB9 /* login.png */ = {isa = PBXFileReference; lastKnownFileType = image.png; name = login.png; path = images/login.png; sourceTree = SOURCE_ROOT; };
		DD1E24ED1AD565E000B9AAB9 /* logo.png */ = {isa = PBXFileReference; lastKnownFileType = image.png; name = logo.png; path = images/logo.png; sourceTree = SOURCE_ROOT; };
		DD1E24EE1AD565E000B9AAB9 /* new1.png */ = {isa = PBXFileReference; lastKnownFileType = image.png; name = new1.png; path = images/new1.png; sourceTree = SOURCE_ROOT; };
		DD1E24EF1AD565E000B9AAB9 /* play.png */ = {isa = PBXFileReference; lastKnownFileType = image.png; name = play.png; path = images/play.png; sourceTree = SOURCE_ROOT; };
		DD1E24F01AD565E000B9AAB9 /* radwa1.jpg */ = {isa = PBXFileReference; lastKnownFileType = image.jpeg; name = radwa1.jpg; path = images/radwa1.jpg; sourceTree = SOURCE_ROOT; };
		DD1E24F11AD565E000B9AAB9 /* radwa2.jpg */ = {isa = PBXFileReference; lastKnownFileType = image.jpeg; name = radwa2.jpg; path = images/radwa2.jpg; sourceTree = SOURCE_ROOT; };
		DD1E24F21AD565E000B9AAB9 /* score.png */ = {isa = PBXFileReference; lastKnownFileType = image.png; name = score.png; path = images/score.png; sourceTree = SOURCE_ROOT; };
		DD1E24F31AD565E000B9AAB9 /* setting.png */ = {isa = PBXFileReference; lastKnownFileType = image.png; name = setting.png; path = images/setting.png; sourceTree = SOURCE_ROOT; };
		DD1E24F41AD565E000B9AAB9 /* star.png */ = {isa = PBXFileReference; lastKnownFileType = image.png; name = star.png; path = images/star.png; sourceTree = SOURCE_ROOT; };
		DD1E250C1AD56A8600B9AAB9 /* Base */ = {isa = PBXFileReference; lastKnownFileType = file.storyboard; name = Base; path = Memory/Base.lproj/Main.storyboard; sourceTree = "<group>"; };
		DD2079F91ACF096A00645721 /* 11.png */ = {isa = PBXFileReference; lastKnownFileType = image.png; name = 11.png; path = images/11.png; sourceTree = SOURCE_ROOT; };
		DD2079FA1ACF096A00645721 /* 22.png */ = {isa = PBXFileReference; lastKnownFileType = image.png; name = 22.png; path = images/22.png; sourceTree = SOURCE_ROOT; };
		DD2079FB1ACF096A00645721 /* 33.png */ = {isa = PBXFileReference; lastKnownFileType = image.png; name = 33.png; path = images/33.png; sourceTree = SOURCE_ROOT; };
		DD2079FC1ACF096A00645721 /* 44.png */ = {isa = PBXFileReference; lastKnownFileType = image.png; name = 44.png; path = images/44.png; sourceTree = SOURCE_ROOT; };
		DD2079FD1ACF096A00645721 /* 55.png */ = {isa = PBXFileReference; lastKnownFileType = image.png; name = 55.png; path = images/55.png; sourceTree = SOURCE_ROOT; };
		DD2079FE1ACF096A00645721 /* 66.png */ = {isa = PBXFileReference; lastKnownFileType = image.png; name = 66.png; path = images/66.png; sourceTree = SOURCE_ROOT; };
		DD2079FF1ACF096A00645721 /* 77.png */ = {isa = PBXFileReference; lastKnownFileType = image.png; name = 77.png; path = images/77.png; sourceTree = SOURCE_ROOT; };
		DD207A001ACF096A00645721 /* 88.png */ = {isa = PBXFileReference; lastKnownFileType = image.png; name = 88.png; path = images/88.png; sourceTree = SOURCE_ROOT; };
		DD207A011ACF096A00645721 /* back.png */ = {isa = PBXFileReference; lastKnownFileType = image.png; name = back.png; path = images/back.png; sourceTree = SOURCE_ROOT; };
		DD2F8D661ACFBD32004CDF4D /* HomeScreenViewController.h */ = {isa = PBXFileReference; fileEncoding = 4; lastKnownFileType = sourcecode.c.h; path = HomeScreenViewController.h; sourceTree = "<group>"; };
		DD2F8D671ACFBD32004CDF4D /* HomeScreenViewController.m */ = {isa = PBXFileReference; fileEncoding = 4; lastKnownFileType = sourcecode.c.objc; path = HomeScreenViewController.m; sourceTree = "<group>"; };
		DD3682F11ADD4F4E00007B96 /* UserRanking.h */ = {isa = PBXFileReference; fileEncoding = 4; lastKnownFileType = sourcecode.c.h; path = UserRanking.h; sourceTree = "<group>"; };
		DD3682F21ADD4F4E00007B96 /* UserRanking.m */ = {isa = PBXFileReference; fileEncoding = 4; lastKnownFileType = sourcecode.c.objc; path = UserRanking.m; sourceTree = "<group>"; };
		DD43C8D41ADC3E0900F50F06 /* MyUser.h */ = {isa = PBXFileReference; fileEncoding = 4; lastKnownFileType = sourcecode.c.h; path = MyUser.h; sourceTree = "<group>"; };
		DD43C8D51ADC3E0900F50F06 /* MyUser.m */ = {isa = PBXFileReference; fileEncoding = 4; lastKnownFileType = sourcecode.c.objc; path = MyUser.m; sourceTree = "<group>"; };
		DD43C8D71ADC4BD300F50F06 /* userInfo.plist */ = {isa = PBXFileReference; fileEncoding = 4; lastKnownFileType = text.plist.xml; path = userInfo.plist; sourceTree = "<group>"; };
		DD43C8D91ADC65E600F50F06 /* rankinkplist.plist */ = {isa = PBXFileReference; fileEncoding = 4; lastKnownFileType = text.plist.xml; path = rankinkplist.plist; sourceTree = "<group>"; };
		DD4681FA1ADD1B1F00B1A58D /* MyUserRanking.h */ = {isa = PBXFileReference; fileEncoding = 4; lastKnownFileType = sourcecode.c.h; path = MyUserRanking.h; sourceTree = "<group>"; };
		DD4681FB1ADD1B1F00B1A58D /* MyUserRanking.m */ = {isa = PBXFileReference; fileEncoding = 4; lastKnownFileType = sourcecode.c.objc; path = MyUserRanking.m; sourceTree = "<group>"; };
		DD4681FD1ADD22A300B1A58D /* SystemConfiguration.framework */ = {isa = PBXFileReference; lastKnownFileType = wrapper.framework; name = SystemConfiguration.framework; path = System/Library/Frameworks/SystemConfiguration.framework; sourceTree = SDKROOT; };
		DD4681FF1ADD22E700B1A58D /* CFNetwork.framework */ = {isa = PBXFileReference; lastKnownFileType = wrapper.framework; name = CFNetwork.framework; path = System/Library/Frameworks/CFNetwork.framework; sourceTree = SDKROOT; };
		DD4682011ADD23E200B1A58D /* Untitled-4-04.png */ = {isa = PBXFileReference; lastKnownFileType = image.png; name = "Untitled-4-04.png"; path = "images/Untitled-4-04.png"; sourceTree = SOURCE_ROOT; };
		DD4682031ADD244300B1A58D /* Reachability.h */ = {isa = PBXFileReference; fileEncoding = 4; lastKnownFileType = sourcecode.c.h; name = Reachability.h; path = Memory/Reachability.h; sourceTree = "<group>"; };
		DD4682041ADD244300B1A58D /* Reachability.m */ = {isa = PBXFileReference; fileEncoding = 4; lastKnownFileType = sourcecode.c.objc; name = Reachability.m; path = Memory/Reachability.m; sourceTree = "<group>"; };
		DD78C3121AD00BF4007594B3 /* SettingViewController.h */ = {isa = PBXFileReference; fileEncoding = 4; lastKnownFileType = sourcecode.c.h; path = SettingViewController.h; sourceTree = "<group>"; };
		DD78C3131AD00BF4007594B3 /* SettingViewController.m */ = {isa = PBXFileReference; fileEncoding = 4; lastKnownFileType = sourcecode.c.objc; path = SettingViewController.m; sourceTree = "<group>"; };
		DD78C3161AD010E5007594B3 /* RankingViewController.h */ = {isa = PBXFileReference; fileEncoding = 4; lastKnownFileType = sourcecode.c.h; path = RankingViewController.h; sourceTree = "<group>"; };
		DD78C3171AD010E5007594B3 /* RankingViewController.m */ = {isa = PBXFileReference; fileEncoding = 4; lastKnownFileType = sourcecode.c.objc; path = RankingViewController.m; sourceTree = "<group>"; };
		DD78C31A1AD0155D007594B3 /* SignInAndSignUpViewController.h */ = {isa = PBXFileReference; fileEncoding = 4; lastKnownFileType = sourcecode.c.h; path = SignInAndSignUpViewController.h; sourceTree = "<group>"; };
		DD78C31B1AD0155D007594B3 /* SignInAndSignUpViewController.m */ = {isa = PBXFileReference; fileEncoding = 4; lastKnownFileType = sourcecode.c.objc; path = SignInAndSignUpViewController.m; sourceTree = "<group>"; };
		DD841D9B1AC97B8300F7981D /* Memory.app */ = {isa = PBXFileReference; explicitFileType = wrapper.application; includeInIndex = 0; path = Memory.app; sourceTree = BUILT_PRODUCTS_DIR; };
		DD841D9F1AC97B8300F7981D /* Info.plist */ = {isa = PBXFileReference; lastKnownFileType = text.plist.xml; path = Info.plist; sourceTree = "<group>"; };
		DD841DA01AC97B8300F7981D /* main.m */ = {isa = PBXFileReference; lastKnownFileType = sourcecode.c.objc; path = main.m; sourceTree = "<group>"; };
		DD841DA21AC97B8300F7981D /* AppDelegate.h */ = {isa = PBXFileReference; lastKnownFileType = sourcecode.c.h; path = AppDelegate.h; sourceTree = "<group>"; };
		DD841DA31AC97B8300F7981D /* AppDelegate.m */ = {isa = PBXFileReference; lastKnownFileType = sourcecode.c.objc; path = AppDelegate.m; sourceTree = "<group>"; };
		DD841DA51AC97B8300F7981D /* ViewController.h */ = {isa = PBXFileReference; fileEncoding = 4; lastKnownFileType = sourcecode.c.h; path = ViewController.h; sourceTree = "<group>"; };
		DD841DA61AC97B8300F7981D /* ViewController.m */ = {isa = PBXFileReference; fileEncoding = 4; lastKnownFileType = sourcecode.c.objc; path = ViewController.m; sourceTree = "<group>"; };
		DD841DAB1AC97B8300F7981D /* Images.xcassets */ = {isa = PBXFileReference; lastKnownFileType = folder.assetcatalog; path = Images.xcassets; sourceTree = "<group>"; };
		DD841DB41AC97B8300F7981D /* MemoryTests.xctest */ = {isa = PBXFileReference; explicitFileType = wrapper.cfbundle; includeInIndex = 0; path = MemoryTests.xctest; sourceTree = BUILT_PRODUCTS_DIR; };
		DD841DB91AC97B8300F7981D /* Info.plist */ = {isa = PBXFileReference; lastKnownFileType = text.plist.xml; path = Info.plist; sourceTree = "<group>"; };
		DD841DBA1AC97B8300F7981D /* MemoryTests.m */ = {isa = PBXFileReference; lastKnownFileType = sourcecode.c.objc; path = MemoryTests.m; sourceTree = "<group>"; };
		DD9AE1621AD54E6C00094B6A /* SignUpViewController.h */ = {isa = PBXFileReference; fileEncoding = 4; lastKnownFileType = sourcecode.c.h; path = SignUpViewController.h; sourceTree = "<group>"; };
		DD9AE1631AD54E6C00094B6A /* SignUpViewController.m */ = {isa = PBXFileReference; fileEncoding = 4; lastKnownFileType = sourcecode.c.objc; path = SignUpViewController.m; sourceTree = "<group>"; };
		DD9AE1651AD5512700094B6A /* user.png */ = {isa = PBXFileReference; lastKnownFileType = image.png; name = user.png; path = images/user.png; sourceTree = "<group>"; };
		DDC172461ADD1458009B04F2 /* logout_image.png */ = {isa = PBXFileReference; lastKnownFileType = image.png; name = logout_image.png; path = images/logout_image.png; sourceTree = SOURCE_ROOT; };
		DDC172471ADD1458009B04F2 /* profile.png */ = {isa = PBXFileReference; lastKnownFileType = image.png; name = profile.png; path = images/profile.png; sourceTree = SOURCE_ROOT; };
		DDFAECD61AD543F400D37CCE /* AudioToolbox.framework */ = {isa = PBXFileReference; lastKnownFileType = wrapper.framework; name = AudioToolbox.framework; path = System/Library/Frameworks/AudioToolbox.framework; sourceTree = SDKROOT; };
		DDFAECD91AD5447400D37CCE /* multimedia_button_click.mp3 */ = {isa = PBXFileReference; lastKnownFileType = audio.mp3; name = multimedia_button_click.mp3; path = sound/multimedia_button_click.mp3; sourceTree = SOURCE_ROOT; };
		DDFAECDB1AD5452D00D37CCE /* matched.mp3 */ = {isa = PBXFileReference; lastKnownFileType = audio.mp3; name = matched.mp3; path = sound/matched.mp3; sourceTree = SOURCE_ROOT; };
		DDFAECDD1AD5463A00D37CCE /* AVFoundation.framework */ = {isa = PBXFileReference; lastKnownFileType = wrapper.framework; name = AVFoundation.framework; path = System/Library/Frameworks/AVFoundation.framework; sourceTree = SDKROOT; };
/* End PBXFileReference section */

/* Begin PBXFrameworksBuildPhase section */
		DD841D981AC97B8300F7981D /* Frameworks */ = {
			isa = PBXFrameworksBuildPhase;
			buildActionMask = 2147483647;
			files = (
				DD4682001ADD22E700B1A58D /* CFNetwork.framework in Frameworks */,
				DD4681FE1ADD22A300B1A58D /* SystemConfiguration.framework in Frameworks */,
				DDFAECDE1AD5463A00D37CCE /* AVFoundation.framework in Frameworks */,
				DDFAECD71AD543F400D37CCE /* AudioToolbox.framework in Frameworks */,
			);
			runOnlyForDeploymentPostprocessing = 0;
		};
		DD841DB11AC97B8300F7981D /* Frameworks */ = {
			isa = PBXFrameworksBuildPhase;
			buildActionMask = 2147483647;
			files = (
			);
			runOnlyForDeploymentPostprocessing = 0;
		};
/* End PBXFrameworksBuildPhase section */

/* Begin PBXGroup section */
		D19506821AD1C9F1007E41ED /* Profile View */ = {
			isa = PBXGroup;
			children = (
				D19506831AD1CA7C007E41ED /* ProfileViewController.h */,
				D19506841AD1CA7C007E41ED /* ProfileViewController.m */,
			);
			name = "Profile View";
			sourceTree = "<group>";
		};
		D19B78621ADB329400E46556 /* Splash Screen */ = {
			isa = PBXGroup;
			children = (
				D19B78631ADB32CD00E46556 /* splashScreenViewController.h */,
				D19B78641ADB32CD00E46556 /* splashScreenViewController.m */,
			);
			name = "Splash Screen";
			sourceTree = "<group>";
		};
		DD2F8D651ACFBCEC004CDF4D /* Home screen */ = {
			isa = PBXGroup;
			children = (
				DD2F8D661ACFBD32004CDF4D /* HomeScreenViewController.h */,
				DD2F8D671ACFBD32004CDF4D /* HomeScreenViewController.m */,
			);
			name = "Home screen";
			sourceTree = "<group>";
		};
		DD43C8D31ADC3DEA00F50F06 /* user */ = {
			isa = PBXGroup;
			children = (
				DD43C8D41ADC3E0900F50F06 /* MyUser.h */,
				DD43C8D51ADC3E0900F50F06 /* MyUser.m */,
			);
			name = user;
			sourceTree = "<group>";
		};
		DD78C3101AD00482007594B3 /* Game View */ = {
			isa = PBXGroup;
			children = (
				DD841DA61AC97B8300F7981D /* ViewController.m */,
				DD841DA51AC97B8300F7981D /* ViewController.h */,
			);
			name = "Game View";
			sourceTree = "<group>";
		};
		DD78C3111AD00BB3007594B3 /* Setting view */ = {
			isa = PBXGroup;
			children = (
				DD78C3121AD00BF4007594B3 /* SettingViewController.h */,
				DD78C3131AD00BF4007594B3 /* SettingViewController.m */,
			);
			name = "Setting view";
			sourceTree = "<group>";
		};
		DD78C3151AD0106B007594B3 /* Ranking view */ = {
			isa = PBXGroup;
			children = (
				DD3682F11ADD4F4E00007B96 /* UserRanking.h */,
				DD3682F21ADD4F4E00007B96 /* UserRanking.m */,
				DD4681FA1ADD1B1F00B1A58D /* MyUserRanking.h */,
				DD4681FB1ADD1B1F00B1A58D /* MyUserRanking.m */,
				DD78C3161AD010E5007594B3 /* RankingViewController.h */,
				DD78C3171AD010E5007594B3 /* RankingViewController.m */,
			);
			name = "Ranking view";
			sourceTree = "<group>";
		};
		DD78C3191AD0152F007594B3 /* SignIn and SignUp */ = {
			isa = PBXGroup;
			children = (
				DD9AE1621AD54E6C00094B6A /* SignUpViewController.h */,
				DD9AE1631AD54E6C00094B6A /* SignUpViewController.m */,
				DD78C31A1AD0155D007594B3 /* SignInAndSignUpViewController.h */,
				DD78C31B1AD0155D007594B3 /* SignInAndSignUpViewController.m */,
			);
			name = "SignIn and SignUp";
			sourceTree = "<group>";
		};
		DD841D921AC97B8300F7981D = {
			isa = PBXGroup;
			children = (
				DD4682031ADD244300B1A58D /* Reachability.h */,
				DD4682041ADD244300B1A58D /* Reachability.m */,
				DD4681FF1ADD22E700B1A58D /* CFNetwork.framework */,
				DD4681FD1ADD22A300B1A58D /* SystemConfiguration.framework */,
				DD43C8D91ADC65E600F50F06 /* rankinkplist.plist */,
				DD43C8D71ADC4BD300F50F06 /* userInfo.plist */,
				DD1E250B1AD56A8600B9AAB9 /* Main.storyboard */,
				DD9AE1651AD5512700094B6A /* user.png */,
				DDFAECDD1AD5463A00D37CCE /* AVFoundation.framework */,
				DDFAECD61AD543F400D37CCE /* AudioToolbox.framework */,
				D192049E1AD17EF600557E6C /* Default-568h@2x.png */,
				DD841D9D1AC97B8300F7981D /* Memory */,
				DD841DB71AC97B8300F7981D /* MemoryTests */,
				DD841D9C1AC97B8300F7981D /* Products */,
			);
			sourceTree = "<group>";
		};
		DD841D9C1AC97B8300F7981D /* Products */ = {
			isa = PBXGroup;
			children = (
				DD841D9B1AC97B8300F7981D /* Memory.app */,
				DD841DB41AC97B8300F7981D /* MemoryTests.xctest */,
			);
			name = Products;
			sourceTree = "<group>";
		};
		DD841D9D1AC97B8300F7981D /* Memory */ = {
			isa = PBXGroup;
			children = (
				DD43C8D31ADC3DEA00F50F06 /* user */,
				D19B78621ADB329400E46556 /* Splash Screen */,
				DDFAECD81AD5446300D37CCE /* sound */,
				D19506821AD1C9F1007E41ED /* Profile View */,
				DD78C3191AD0152F007594B3 /* SignIn and SignUp */,
				DD78C3151AD0106B007594B3 /* Ranking view */,
				DD78C3111AD00BB3007594B3 /* Setting view */,
				DD78C3101AD00482007594B3 /* Game View */,
				DD2F8D651ACFBCEC004CDF4D /* Home screen */,
				DDFF80BA1AC9E87400DABDC7 /* images */,
				DD841DA21AC97B8300F7981D /* AppDelegate.h */,
				DD841DA31AC97B8300F7981D /* AppDelegate.m */,
				DD841DAB1AC97B8300F7981D /* Images.xcassets */,
				DD841D9E1AC97B8300F7981D /* Supporting Files */,
			);
			path = Memory;
			sourceTree = "<group>";
		};
		DD841D9E1AC97B8300F7981D /* Supporting Files */ = {
			isa = PBXGroup;
			children = (
				DD841D9F1AC97B8300F7981D /* Info.plist */,
				DD841DA01AC97B8300F7981D /* main.m */,
			);
			name = "Supporting Files";
			sourceTree = "<group>";
		};
		DD841DB71AC97B8300F7981D /* MemoryTests */ = {
			isa = PBXGroup;
			children = (
				DD841DBA1AC97B8300F7981D /* MemoryTests.m */,
				DD841DB81AC97B8300F7981D /* Supporting Files */,
			);
			path = MemoryTests;
			sourceTree = "<group>";
		};
		DD841DB81AC97B8300F7981D /* Supporting Files */ = {
			isa = PBXGroup;
			children = (
				DD841DB91AC97B8300F7981D /* Info.plist */,
			);
			name = "Supporting Files";
			sourceTree = "<group>";
		};
		DDFAECD81AD5446300D37CCE /* sound */ = {
			isa = PBXGroup;
			children = (
				D18C1F031ADBC77600D4ECDC /* main_tone.mp3 */,
				D18C1EFD1ADBBEE200D4ECDC /* lose_tone.mp3 */,
				D18C1EFE1ADBBEE200D4ECDC /* matched_tone.mp3 */,
				D18C1EFF1ADBBEE200D4ECDC /* win_tone.mp3 */,
				DDFAECD91AD5447400D37CCE /* multimedia_button_click.mp3 */,
				DDFAECDB1AD5452D00D37CCE /* matched.mp3 */,
			);
			name = sound;
			sourceTree = "<group>";
		};
		DDFF80BA1AC9E87400DABDC7 /* images */ = {
			isa = PBXGroup;
			children = (
				DD4682011ADD23E200B1A58D /* Untitled-4-04.png */,
				DDC172461ADD1458009B04F2 /* logout_image.png */,
				DDC172471ADD1458009B04F2 /* profile.png */,
				DD1274781AD9AF1900FB808B /* green-02.png */,
				D19B785E1ADB327A00E46556 /* game_text.png */,
				D19B78601ADB328000E46556 /* bg.png */,
				D19B785C1ADB326F00E46556 /* 204-02.png */,
				DD1E24E21AD565E000B9AAB9 /* 1.png */,
				DD1E24E31AD565E000B9AAB9 /* 2.png */,
				DD1E24E41AD565E000B9AAB9 /* 3.png */,
				DD1E24E51AD565E000B9AAB9 /* 4.png */,
				DD1E24E61AD565E000B9AAB9 /* 5.png */,
				DD1E24E71AD565E000B9AAB9 /* 6.png */,
				DD1E24E81AD565E000B9AAB9 /* 7.png */,
				DD1E24E91AD565E000B9AAB9 /* 8.png */,
				DD1E24EA1AD565E000B9AAB9 /* face.png */,
				DD1E24EB1AD565E000B9AAB9 /* homeNew-02.jpg */,
				DD1E24EC1AD565E000B9AAB9 /* login.png */,
				DD1E24ED1AD565E000B9AAB9 /* logo.png */,
				DD1E24EE1AD565E000B9AAB9 /* new1.png */,
				DD1E24EF1AD565E000B9AAB9 /* play.png */,
				DD1E24F01AD565E000B9AAB9 /* radwa1.jpg */,
				DD1E24F11AD565E000B9AAB9 /* radwa2.jpg */,
				DD1E24F21AD565E000B9AAB9 /* score.png */,
				DD1E24F31AD565E000B9AAB9 /* setting.png */,
				DD1E24F41AD565E000B9AAB9 /* star.png */,
				D19506861AD1D9BD007E41ED /* user.png */,
				D19204B51AD189A900557E6C /* 10-01.png */,
				DD2079F91ACF096A00645721 /* 11.png */,
				DD2079FA1ACF096A00645721 /* 22.png */,
				DD2079FB1ACF096A00645721 /* 33.png */,
				DD2079FC1ACF096A00645721 /* 44.png */,
				DD2079FD1ACF096A00645721 /* 55.png */,
				DD2079FE1ACF096A00645721 /* 66.png */,
				DD2079FF1ACF096A00645721 /* 77.png */,
				DD207A001ACF096A00645721 /* 88.png */,
				DD207A011ACF096A00645721 /* back.png */,
			);
			name = images;
			sourceTree = "<group>";
		};
/* End PBXGroup section */

/* Begin PBXNativeTarget section */
		DD841D9A1AC97B8300F7981D /* Memory */ = {
			isa = PBXNativeTarget;
			buildConfigurationList = DD841DBE1AC97B8300F7981D /* Build configuration list for PBXNativeTarget "Memory" */;
			buildPhases = (
				DD841D971AC97B8300F7981D /* Sources */,
				DD841D981AC97B8300F7981D /* Frameworks */,
				DD841D991AC97B8300F7981D /* Resources */,
			);
			buildRules = (
			);
			dependencies = (
			);
			name = Memory;
			productName = Memory;
			productReference = DD841D9B1AC97B8300F7981D /* Memory.app */;
			productType = "com.apple.product-type.application";
		};
		DD841DB31AC97B8300F7981D /* MemoryTests */ = {
			isa = PBXNativeTarget;
			buildConfigurationList = DD841DC11AC97B8300F7981D /* Build configuration list for PBXNativeTarget "MemoryTests" */;
			buildPhases = (
				DD841DB01AC97B8300F7981D /* Sources */,
				DD841DB11AC97B8300F7981D /* Frameworks */,
				DD841DB21AC97B8300F7981D /* Resources */,
			);
			buildRules = (
			);
			dependencies = (
				DD841DB61AC97B8300F7981D /* PBXTargetDependency */,
			);
			name = MemoryTests;
			productName = MemoryTests;
			productReference = DD841DB41AC97B8300F7981D /* MemoryTests.xctest */;
			productType = "com.apple.product-type.bundle.unit-test";
		};
/* End PBXNativeTarget section */

/* Begin PBXProject section */
		DD841D931AC97B8300F7981D /* Project object */ = {
			isa = PBXProject;
			attributes = {
				LastUpgradeCheck = 0610;
				ORGANIZATIONNAME = "marian samy";
				TargetAttributes = {
					DD841D9A1AC97B8300F7981D = {
						CreatedOnToolsVersion = 6.1;
					};
					DD841DB31AC97B8300F7981D = {
						CreatedOnToolsVersion = 6.1;
						TestTargetID = DD841D9A1AC97B8300F7981D;
					};
				};
			};
			buildConfigurationList = DD841D961AC97B8300F7981D /* Build configuration list for PBXProject "Memory" */;
			compatibilityVersion = "Xcode 3.2";
			developmentRegion = English;
			hasScannedForEncodings = 0;
			knownRegions = (
				en,
				Base,
			);
			mainGroup = DD841D921AC97B8300F7981D;
			productRefGroup = DD841D9C1AC97B8300F7981D /* Products */;
			projectDirPath = "";
			projectRoot = "";
			targets = (
				DD841D9A1AC97B8300F7981D /* Memory */,
				DD841DB31AC97B8300F7981D /* MemoryTests */,
			);
		};
/* End PBXProject section */

/* Begin PBXResourcesBuildPhase section */
		DD841D991AC97B8300F7981D /* Resources */ = {
			isa = PBXResourcesBuildPhase;
			buildActionMask = 2147483647;
			files = (
				DD1E25011AD565E000B9AAB9 /* new1.png in Resources */,
				DD1E24FC1AD565E000B9AAB9 /* 8.png in Resources */,
				DD1E25031AD565E000B9AAB9 /* radwa1.jpg in Resources */,
				DD4682021ADD23E200B1A58D /* Untitled-4-04.png in Resources */,
				D18C1F001ADBBEE200D4ECDC /* lose_tone.mp3 in Resources */,
				DD1E24FF1AD565E000B9AAB9 /* login.png in Resources */,
				D18C1F021ADBBEE200D4ECDC /* win_tone.mp3 in Resources */,
				DD1E25051AD565E000B9AAB9 /* score.png in Resources */,
				D19B785D1ADB326F00E46556 /* 204-02.png in Resources */,
				DD1E24FE1AD565E000B9AAB9 /* homeNew-02.jpg in Resources */,
				DD1E24FB1AD565E000B9AAB9 /* 7.png in Resources */,
				DD1E24F61AD565E000B9AAB9 /* 2.png in Resources */,
				DD9AE1661AD5512700094B6A /* user.png in Resources */,
				D19B785F1ADB327A00E46556 /* game_text.png in Resources */,
				DDC172491ADD1458009B04F2 /* profile.png in Resources */,
				D18C1F041ADBC77600D4ECDC /* main_tone.mp3 in Resources */,
				DDFAECDA1AD5447400D37CCE /* multimedia_button_click.mp3 in Resources */,
				DD1E25071AD565E000B9AAB9 /* star.png in Resources */,
				DD1E25041AD565E000B9AAB9 /* radwa2.jpg in Resources */,
				DD43C8DA1ADC65E600F50F06 /* rankinkplist.plist in Resources */,
				DD1E250D1AD56A8600B9AAB9 /* Main.storyboard in Resources */,
				DD1E24FA1AD565E000B9AAB9 /* 6.png in Resources */,
				DD43C8D81ADC4BD300F50F06 /* userInfo.plist in Resources */,
				DD1E24F81AD565E000B9AAB9 /* 4.png in Resources */,
				D19B78611ADB328000E46556 /* bg.png in Resources */,
				DD1E25021AD565E000B9AAB9 /* play.png in Resources */,
				DD1E24FD1AD565E000B9AAB9 /* face.png in Resources */,
				D18C1F011ADBBEE200D4ECDC /* matched_tone.mp3 in Resources */,
				DD1E25061AD565E000B9AAB9 /* setting.png in Resources */,
				DDFAECDC1AD5452D00D37CCE /* matched.mp3 in Resources */,
				DD1E25001AD565E000B9AAB9 /* logo.png in Resources */,
				DDC172481ADD1458009B04F2 /* logout_image.png in Resources */,
				DD1E24F91AD565E000B9AAB9 /* 5.png in Resources */,
				DD1274791AD9AF1900FB808B /* green-02.png in Resources */,
				DD1E24F71AD565E000B9AAB9 /* 3.png in Resources */,
				DD1E24F51AD565E000B9AAB9 /* 1.png in Resources */,
			);
			runOnlyForDeploymentPostprocessing = 0;
		};
		DD841DB21AC97B8300F7981D /* Resources */ = {
			isa = PBXResourcesBuildPhase;
			buildActionMask = 2147483647;
			files = (
			);
			runOnlyForDeploymentPostprocessing = 0;
		};
/* End PBXResourcesBuildPhase section */

/* Begin PBXSourcesBuildPhase section */
		DD841D971AC97B8300F7981D /* Sources */ = {
			isa = PBXSourcesBuildPhase;
			buildActionMask = 2147483647;
			files = (
				DD4682051ADD244300B1A58D /* Reachability.m in Sources */,
				DD841DA71AC97B8300F7981D /* ViewController.m in Sources */,
				DD2F8D681ACFBD32004CDF4D /* HomeScreenViewController.m in Sources */,
				D19506851AD1CA7C007E41ED /* ProfileViewController.m in Sources */,
				DD78C31C1AD0155D007594B3 /* SignInAndSignUpViewController.m in Sources */,
				DD43C8D61ADC3E0900F50F06 /* MyUser.m in Sources */,
				DD841DA41AC97B8300F7981D /* AppDelegate.m in Sources */,
				DD841DA11AC97B8300F7981D /* main.m in Sources */,
				DD78C3141AD00BF4007594B3 /* SettingViewController.m in Sources */,
				DD78C3181AD010E5007594B3 /* RankingViewController.m in Sources */,
				DD4681FC1ADD1B1F00B1A58D /* MyUserRanking.m in Sources */,
				DD9AE1641AD54E6C00094B6A /* SignUpViewController.m in Sources */,
				D19B78651ADB32CD00E46556 /* splashScreenViewController.m in Sources */,
				DD3682F31ADD4F4E00007B96 /* UserRanking.m in Sources */,
			);
			runOnlyForDeploymentPostprocessing = 0;
		};
		DD841DB01AC97B8300F7981D /* Sources */ = {
			isa = PBXSourcesBuildPhase;
			buildActionMask = 2147483647;
			files = (
				DD841DBB1AC97B8300F7981D /* MemoryTests.m in Sources */,
			);
			runOnlyForDeploymentPostprocessing = 0;
		};
/* End PBXSourcesBuildPhase section */

/* Begin PBXTargetDependency section */
		DD841DB61AC97B8300F7981D /* PBXTargetDependency */ = {
			isa = PBXTargetDependency;
			target = DD841D9A1AC97B8300F7981D /* Memory */;
			targetProxy = DD841DB51AC97B8300F7981D /* PBXContainerItemProxy */;
		};
/* End PBXTargetDependency section */

/* Begin PBXVariantGroup section */
		DD1E250B1AD56A8600B9AAB9 /* Main.storyboard */ = {
			isa = PBXVariantGroup;
			children = (
				DD1E250C1AD56A8600B9AAB9 /* Base */,
			);
			name = Main.storyboard;
			sourceTree = "<group>";
		};
/* End PBXVariantGroup section */

/* Begin XCBuildConfiguration section */
		DD841DBC1AC97B8300F7981D /* Debug */ = {
			isa = XCBuildConfiguration;
			buildSettings = {
				ALWAYS_SEARCH_USER_PATHS = NO;
				CLANG_CXX_LANGUAGE_STANDARD = "gnu++0x";
				CLANG_CXX_LIBRARY = "libc++";
				CLANG_ENABLE_MODULES = YES;
				CLANG_ENABLE_OBJC_ARC = YES;
				CLANG_WARN_BOOL_CONVERSION = YES;
				CLANG_WARN_CONSTANT_CONVERSION = YES;
				CLANG_WARN_DIRECT_OBJC_ISA_USAGE = YES_ERROR;
				CLANG_WARN_EMPTY_BODY = YES;
				CLANG_WARN_ENUM_CONVERSION = YES;
				CLANG_WARN_INT_CONVERSION = YES;
				CLANG_WARN_OBJC_ROOT_CLASS = YES_ERROR;
				CLANG_WARN_UNREACHABLE_CODE = YES;
				CLANG_WARN__DUPLICATE_METHOD_MATCH = YES;
				"CODE_SIGN_IDENTITY[sdk=iphoneos*]" = "iPhone Developer";
				COPY_PHASE_STRIP = NO;
				ENABLE_STRICT_OBJC_MSGSEND = YES;
				GCC_C_LANGUAGE_STANDARD = gnu99;
				GCC_DYNAMIC_NO_PIC = NO;
				GCC_OPTIMIZATION_LEVEL = 0;
				GCC_PREPROCESSOR_DEFINITIONS = (
					"DEBUG=1",
					"$(inherited)",
				);
				GCC_SYMBOLS_PRIVATE_EXTERN = NO;
				GCC_WARN_64_TO_32_BIT_CONVERSION = YES;
				GCC_WARN_ABOUT_RETURN_TYPE = YES_ERROR;
				GCC_WARN_UNDECLARED_SELECTOR = YES;
				GCC_WARN_UNINITIALIZED_AUTOS = YES_AGGRESSIVE;
				GCC_WARN_UNUSED_FUNCTION = YES;
				GCC_WARN_UNUSED_VARIABLE = YES;
				IPHONEOS_DEPLOYMENT_TARGET = 8.1;
				MTL_ENABLE_DEBUG_INFO = YES;
				ONLY_ACTIVE_ARCH = YES;
				SDKROOT = iphoneos;
				TARGETED_DEVICE_FAMILY = "1,2";
			};
			name = Debug;
		};
		DD841DBD1AC97B8300F7981D /* Release */ = {
			isa = XCBuildConfiguration;
			buildSettings = {
				ALWAYS_SEARCH_USER_PATHS = NO;
				CLANG_CXX_LANGUAGE_STANDARD = "gnu++0x";
				CLANG_CXX_LIBRARY = "libc++";
				CLANG_ENABLE_MODULES = YES;
				CLANG_ENABLE_OBJC_ARC = YES;
				CLANG_WARN_BOOL_CONVERSION = YES;
				CLANG_WARN_CONSTANT_CONVERSION = YES;
				CLANG_WARN_DIRECT_OBJC_ISA_USAGE = YES_ERROR;
				CLANG_WARN_EMPTY_BODY = YES;
				CLANG_WARN_ENUM_CONVERSION = YES;
				CLANG_WARN_INT_CONVERSION = YES;
				CLANG_WARN_OBJC_ROOT_CLASS = YES_ERROR;
				CLANG_WARN_UNREACHABLE_CODE = YES;
				CLANG_WARN__DUPLICATE_METHOD_MATCH = YES;
				"CODE_SIGN_IDENTITY[sdk=iphoneos*]" = "iPhone Developer";
				COPY_PHASE_STRIP = YES;
				ENABLE_NS_ASSERTIONS = NO;
				ENABLE_STRICT_OBJC_MSGSEND = YES;
				GCC_C_LANGUAGE_STANDARD = gnu99;
				GCC_WARN_64_TO_32_BIT_CONVERSION = YES;
				GCC_WARN_ABOUT_RETURN_TYPE = YES_ERROR;
				GCC_WARN_UNDECLARED_SELECTOR = YES;
				GCC_WARN_UNINITIALIZED_AUTOS = YES_AGGRESSIVE;
				GCC_WARN_UNUSED_FUNCTION = YES;
				GCC_WARN_UNUSED_VARIABLE = YES;
				IPHONEOS_DEPLOYMENT_TARGET = 8.1;
				MTL_ENABLE_DEBUG_INFO = NO;
				SDKROOT = iphoneos;
				TARGETED_DEVICE_FAMILY = "1,2";
				VALIDATE_PRODUCT = YES;
			};
			name = Release;
		};
		DD841DBF1AC97B8300F7981D /* Debug */ = {
			isa = XCBuildConfiguration;
			buildSettings = {
				ASSETCATALOG_COMPILER_APPICON_NAME = AppIcon;
				FRAMEWORK_SEARCH_PATHS = (
					"$(inherited)",
					/Users/mariansamy/Documents/FacebookSDK,
					/Users/participant/Documents/FacebookSDK,
				);
				INFOPLIST_FILE = Memory/Info.plist;
				IPHONEOS_DEPLOYMENT_TARGET = 7.0;
				LD_RUNPATH_SEARCH_PATHS = "$(inherited) @executable_path/Frameworks";
				PRODUCT_NAME = "$(TARGET_NAME)";
			};
			name = Debug;
		};
		DD841DC01AC97B8300F7981D /* Release */ = {
			isa = XCBuildConfiguration;
			buildSettings = {
				ASSETCATALOG_COMPILER_APPICON_NAME = AppIcon;
				FRAMEWORK_SEARCH_PATHS = (
					"$(inherited)",
					/Users/mariansamy/Documents/FacebookSDK,
					/Users/participant/Documents/FacebookSDK,
				);
				INFOPLIST_FILE = Memory/Info.plist;
				IPHONEOS_DEPLOYMENT_TARGET = 7.0;
				LD_RUNPATH_SEARCH_PATHS = "$(inherited) @executable_path/Frameworks";
				PRODUCT_NAME = "$(TARGET_NAME)";
			};
			name = Release;
		};
		DD841DC21AC97B8300F7981D /* Debug */ = {
			isa = XCBuildConfiguration;
			buildSettings = {
				BUNDLE_LOADER = "$(TEST_HOST)";
				FRAMEWORK_SEARCH_PATHS = (
					"$(SDKROOT)/Developer/Library/Frameworks",
					"$(inherited)",
				);
				GCC_PREPROCESSOR_DEFINITIONS = (
					"DEBUG=1",
					"$(inherited)",
				);
				INFOPLIST_FILE = MemoryTests/Info.plist;
				IPHONEOS_DEPLOYMENT_TARGET = 7.0;
				LD_RUNPATH_SEARCH_PATHS = "$(inherited) @executable_path/Frameworks @loader_path/Frameworks";
				PRODUCT_NAME = "$(TARGET_NAME)";
				TEST_HOST = "$(BUILT_PRODUCTS_DIR)/Memory.app/Memory";
			};
			name = Debug;
		};
		DD841DC31AC97B8300F7981D /* Release */ = {
			isa = XCBuildConfiguration;
			buildSettings = {
				BUNDLE_LOADER = "$(TEST_HOST)";
				FRAMEWORK_SEARCH_PATHS = (
					"$(SDKROOT)/Developer/Library/Frameworks",
					"$(inherited)",
				);
				INFOPLIST_FILE = MemoryTests/Info.plist;
				IPHONEOS_DEPLOYMENT_TARGET = 7.0;
				LD_RUNPATH_SEARCH_PATHS = "$(inherited) @executable_path/Frameworks @loader_path/Frameworks";
				PRODUCT_NAME = "$(TARGET_NAME)";
				TEST_HOST = "$(BUILT_PRODUCTS_DIR)/Memory.app/Memory";
			};
			name = Release;
		};
/* End XCBuildConfiguration section */

/* Begin XCConfigurationList section */
		DD841D961AC97B8300F7981D /* Build configuration list for PBXProject "Memory" */ = {
			isa = XCConfigurationList;
			buildConfigurations = (
				DD841DBC1AC97B8300F7981D /* Debug */,
				DD841DBD1AC97B8300F7981D /* Release */,
			);
			defaultConfigurationIsVisible = 0;
			defaultConfigurationName = Release;
		};
		DD841DBE1AC97B8300F7981D /* Build configuration list for PBXNativeTarget "Memory" */ = {
			isa = XCConfigurationList;
			buildConfigurations = (
				DD841DBF1AC97B8300F7981D /* Debug */,
				DD841DC01AC97B8300F7981D /* Release */,
			);
			defaultConfigurationIsVisible = 0;
			defaultConfigurationName = Release;
		};
		DD841DC11AC97B8300F7981D /* Build configuration list for PBXNativeTarget "MemoryTests" */ = {
			isa = XCConfigurationList;
			buildConfigurations = (
				DD841DC21AC97B8300F7981D /* Debug */,
				DD841DC31AC97B8300F7981D /* Release */,
			);
			defaultConfigurationIsVisible = 0;
			defaultConfigurationName = Release;
		};
/* End XCConfigurationList section */
	};
	rootObject = DD841D931AC97B8300F7981D /* Project object */;
}
