// !$*UTF8*$!
{
	archiveVersion = 1;
	classes = {
	};
	objectVersion = 46;
	objects = {

/* Begin PBXBuildFile section */
		DD841DA11AC97B8300F7981D /* main.m in Sources */ = {isa = PBXBuildFile; fileRef = DD841DA01AC97B8300F7981D /* main.m */; };
		DD841DA41AC97B8300F7981D /* AppDelegate.m in Sources */ = {isa = PBXBuildFile; fileRef = DD841DA31AC97B8300F7981D /* AppDelegate.m */; };
		DD841DA71AC97B8300F7981D /* ViewController.m in Sources */ = {isa = PBXBuildFile; fileRef = DD841DA61AC97B8300F7981D /* ViewController.m */; };
		DD841DAA1AC97B8300F7981D /* Main.storyboard in Resources */ = {isa = PBXBuildFile; fileRef = DD841DA81AC97B8300F7981D /* Main.storyboard */; };
		DD841DAC1AC97B8300F7981D /* Images.xcassets in Resources */ = {isa = PBXBuildFile; fileRef = DD841DAB1AC97B8300F7981D /* Images.xcassets */; };
		DD841DAF1AC97B8300F7981D /* LaunchScreen.xib in Resources */ = {isa = PBXBuildFile; fileRef = DD841DAD1AC97B8300F7981D /* LaunchScreen.xib */; };
		DD841DBB1AC97B8300F7981D /* MemoryTests.m in Sources */ = {isa = PBXBuildFile; fileRef = DD841DBA1AC97B8300F7981D /* MemoryTests.m */; };
/* End PBXBuildFile section */

/* Begin PBXContainerItemProxy section */
		DD841DB51AC97B8300F7981D /* PBXContainerItemProxy */ = {
			isa = PBXContainerItemProxy;
			containerPortal = DD841D931AC97B8300F7981D /* Project object */;
			proxyType = 1;
			remoteGlobalIDString = DD841D9A1AC97B8300F7981D;
			remoteInfo = Memory;
		};
/* End PBXContainerItemProxy section */

/* Begin PBXFileReference section */
		DD841D9B1AC97B8300F7981D /* Memory.app */ = {isa = PBXFileReference; explicitFileType = wrapper.application; includeInIndex = 0; path = Memory.app; sourceTree = BUILT_PRODUCTS_DIR; };
		DD841D9F1AC97B8300F7981D /* Info.plist */ = {isa = PBXFileReference; lastKnownFileType = text.plist.xml; path = Info.plist; sourceTree = "<group>"; };
		DD841DA01AC97B8300F7981D /* main.m */ = {isa = PBXFileReference; lastKnownFileType = sourcecode.c.objc; path = main.m; sourceTree = "<group>"; };
		DD841DA21AC97B8300F7981D /* AppDelegate.h */ = {isa = PBXFileReference; lastKnownFileType = sourcecode.c.h; path = AppDelegate.h; sourceTree = "<group>"; };
		DD841DA31AC97B8300F7981D /* AppDelegate.m */ = {isa = PBXFileReference; lastKnownFileType = sourcecode.c.objc; path = AppDelegate.m; sourceTree = "<group>"; };
		DD841DA51AC97B8300F7981D /* ViewController.h */ = {isa = PBXFileReference; lastKnownFileType = sourcecode.c.h; path = ViewController.h; sourceTree = "<group>"; };
		DD841DA61AC97B8300F7981D /* ViewController.m */ = {isa = PBXFileReference; lastKnownFileType = sourcecode.c.objc; path = ViewController.m; sourceTree = "<group>"; };
		DD841DA91AC97B8300F7981D /* Base */ = {isa = PBXFileReference; lastKnownFileType = file.storyboard; name = Base; path = Base.lproj/Main.storyboard; sourceTree = "<group>"; };
		DD841DAB1AC97B8300F7981D /* Images.xcassets */ = {isa = PBXFileReference; lastKnownFileType = folder.assetcatalog; path = Images.xcassets; sourceTree = "<group>"; };
		DD841DAE1AC97B8300F7981D /* Base */ = {isa = PBXFileReference; lastKnownFileType = file.xib; name = Base; path = Base.lproj/LaunchScreen.xib; sourceTree = "<group>"; };
		DD841DB41AC97B8300F7981D /* MemoryTests.xctest */ = {isa = PBXFileReference; explicitFileType = wrapper.cfbundle; includeInIndex = 0; path = MemoryTests.xctest; sourceTree = BUILT_PRODUCTS_DIR; };
		DD841DB91AC97B8300F7981D /* Info.plist */ = {isa = PBXFileReference; lastKnownFileType = text.plist.xml; path = Info.plist; sourceTree = "<group>"; };
		DD841DBA1AC97B8300F7981D /* MemoryTests.m */ = {isa = PBXFileReference; lastKnownFileType = sourcecode.c.objc; path = MemoryTests.m; sourceTree = "<group>"; };
/* End PBXFileReference section */

/* Begin PBXFrameworksBuildPhase section */
		DD841D981AC97B8300F7981D /* Frameworks */ = {
			isa = PBXFrameworksBuildPhase;
			buildActionMask = 2147483647;
			files = (
			);
			runOnlyForDeploymentPostprocessing = 0;
		};
		DD841DB11AC97B8300F7981D /* Frameworks */ = {
			isa = PBXFrameworksBuildPhase;
			buildActionMask = 2147483647;
			files = (
			);
			runOnlyForDeploymentPostprocessing = 0;
		};
/* End PBXFrameworksBuildPhase section */

/* Begin PBXGroup section */
		DD841D921AC97B8300F7981D = {
			isa = PBXGroup;
			children = (
				DD841D9D1AC97B8300F7981D /* Memory */,
				DD841DB71AC97B8300F7981D /* MemoryTests */,
				DD841D9C1AC97B8300F7981D /* Products */,
			);
			sourceTree = "<group>";
		};
		DD841D9C1AC97B8300F7981D /* Products */ = {
			isa = PBXGroup;
			children = (
				DD841D9B1AC97B8300F7981D /* Memory.app */,
				DD841DB41AC97B8300F7981D /* MemoryTests.xctest */,
			);
			name = Products;
			sourceTree = "<group>";
		};
		DD841D9D1AC97B8300F7981D /* Memory */ = {
			isa = PBXGroup;
			children = (
				DD841DA21AC97B8300F7981D /* AppDelegate.h */,
				DD841DA31AC97B8300F7981D /* AppDelegate.m */,
				DD841DA51AC97B8300F7981D /* ViewController.h */,
				DD841DA61AC97B8300F7981D /* ViewController.m */,
				DD841DA81AC97B8300F7981D /* Main.storyboard */,
				DD841DAB1AC97B8300F7981D /* Images.xcassets */,
				DD841DAD1AC97B8300F7981D /* LaunchScreen.xib */,
				DD841D9E1AC97B8300F7981D /* Supporting Files */,
			);
			path = Memory;
			sourceTree = "<group>";
		};
		DD841D9E1AC97B8300F7981D /* Supporting Files */ = {
			isa = PBXGroup;
			children = (
				DD841D9F1AC97B8300F7981D /* Info.plist */,
				DD841DA01AC97B8300F7981D /* main.m */,
			);
			name = "Supporting Files";
			sourceTree = "<group>";
		};
		DD841DB71AC97B8300F7981D /* MemoryTests */ = {
			isa = PBXGroup;
			children = (
				DD841DBA1AC97B8300F7981D /* MemoryTests.m */,
				DD841DB81AC97B8300F7981D /* Supporting Files */,
			);
			path = MemoryTests;
			sourceTree = "<group>";
		};
		DD841DB81AC97B8300F7981D /* Supporting Files */ = {
			isa = PBXGroup;
			children = (
				DD841DB91AC97B8300F7981D /* Info.plist */,
			);
			name = "Supporting Files";
			sourceTree = "<group>";
		};
/* End PBXGroup section */

/* Begin PBXNativeTarget section */
		DD841D9A1AC97B8300F7981D /* Memory */ = {
			isa = PBXNativeTarget;
			buildConfigurationList = DD841DBE1AC97B8300F7981D /* Build configuration list for PBXNativeTarget "Memory" */;
			buildPhases = (
				DD841D971AC97B8300F7981D /* Sources */,
				DD841D981AC97B8300F7981D /* Frameworks */,
				DD841D991AC97B8300F7981D /* Resources */,
			);
			buildRules = (
			);
			dependencies = (
			);
			name = Memory;
			productName = Memory;
			productReference = DD841D9B1AC97B8300F7981D /* Memory.app */;
			productType = "com.apple.product-type.application";
		};
		DD841DB31AC97B8300F7981D /* MemoryTests */ = {
			isa = PBXNativeTarget;
			buildConfigurationList = DD841DC11AC97B8300F7981D /* Build configuration list for PBXNativeTarget "MemoryTests" */;
			buildPhases = (
				DD841DB01AC97B8300F7981D /* Sources */,
				DD841DB11AC97B8300F7981D /* Frameworks */,
				DD841DB21AC97B8300F7981D /* Resources */,
			);
			buildRules = (
			);
			dependencies = (
				DD841DB61AC97B8300F7981D /* PBXTargetDependency */,
			);
			name = MemoryTests;
			productName = MemoryTests;
			productReference = DD841DB41AC97B8300F7981D /* MemoryTests.xctest */;
			productType = "com.apple.product-type.bundle.unit-test";
		};
/* End PBXNativeTarget section */

/* Begin PBXProject section */
		DD841D931AC97B8300F7981D /* Project object */ = {
			isa = PBXProject;
			attributes = {
				LastUpgradeCheck = 0610;
				ORGANIZATIONNAME = "marian samy";
				TargetAttributes = {
					DD841D9A1AC97B8300F7981D = {
						CreatedOnToolsVersion = 6.1;
					};
					DD841DB31AC97B8300F7981D = {
						CreatedOnToolsVersion = 6.1;
						TestTargetID = DD841D9A1AC97B8300F7981D;
					};
				};
			};
			buildConfigurationList = DD841D961AC97B8300F7981D /* Build configuration list for PBXProject "Memory" */;
			compatibilityVersion = "Xcode 3.2";
			developmentRegion = English;
			hasScannedForEncodings = 0;
			knownRegions = (
				en,
				Base,
			);
			mainGroup = DD841D921AC97B8300F7981D;
			productRefGroup = DD841D9C1AC97B8300F7981D /* Products */;
			projectDirPath = "";
			projectRoot = "";
			targets = (
				DD841D9A1AC97B8300F7981D /* Memory */,
				DD841DB31AC97B8300F7981D /* MemoryTests */,
			);
		};
/* End PBXProject section */

/* Begin PBXResourcesBuildPhase section */
		DD841D991AC97B8300F7981D /* Resources */ = {
			isa = PBXResourcesBuildPhase;
			buildActionMask = 2147483647;
			files = (
				DD841DAA1AC97B8300F7981D /* Main.storyboard in Resources */,
				DD841DAF1AC97B8300F7981D /* LaunchScreen.xib in Resources */,
				DD841DAC1AC97B8300F7981D /* Images.xcassets in Resources */,
			);
			runOnlyForDeploymentPostprocessing = 0;
		};
		DD841DB21AC97B8300F7981D /* Resources */ = {
			isa = PBXResourcesBuildPhase;
			buildActionMask = 2147483647;
			files = (
			);
			runOnlyForDeploymentPostprocessing = 0;
		};
/* End PBXResourcesBuildPhase section */

/* Begin PBXSourcesBuildPhase section */
		DD841D971AC97B8300F7981D /* Sources */ = {
			isa = PBXSourcesBuildPhase;
			buildActionMask = 2147483647;
			files = (
				DD841DA71AC97B8300F7981D /* ViewController.m in Sources */,
				DD841DA41AC97B8300F7981D /* AppDelegate.m in Sources */,
				DD841DA11AC97B8300F7981D /* main.m in Sources */,
			);
			runOnlyForDeploymentPostprocessing = 0;
		};
		DD841DB01AC97B8300F7981D /* Sources */ = {
			isa = PBXSourcesBuildPhase;
			buildActionMask = 2147483647;
			files = (
				DD841DBB1AC97B8300F7981D /* MemoryTests.m in Sources */,
			);
			runOnlyForDeploymentPostprocessing = 0;
		};
/* End PBXSourcesBuildPhase section */

/* Begin PBXTargetDependency section */
		DD841DB61AC97B8300F7981D /* PBXTargetDependency */ = {
			isa = PBXTargetDependency;
			target = DD841D9A1AC97B8300F7981D /* Memory */;
			targetProxy = DD841DB51AC97B8300F7981D /* PBXContainerItemProxy */;
		};
/* End PBXTargetDependency section */

/* Begin PBXVariantGroup section */
		DD841DA81AC97B8300F7981D /* Main.storyboard */ = {
			isa = PBXVariantGroup;
			children = (
				DD841DA91AC97B8300F7981D /* Base */,
			);
			name = Main.storyboard;
			sourceTree = "<group>";
		};
		DD841DAD1AC97B8300F7981D /* LaunchScreen.xib */ = {
			isa = PBXVariantGroup;
			children = (
				DD841DAE1AC97B8300F7981D /* Base */,
			);
			name = LaunchScreen.xib;
			sourceTree = "<group>";
		};
/* End PBXVariantGroup section */

/* Begin XCBuildConfiguration section */
		DD841DBC1AC97B8300F7981D /* Debug */ = {
			isa = XCBuildConfiguration;
			buildSettings = {
				ALWAYS_SEARCH_USER_PATHS = NO;
				CLANG_CXX_LANGUAGE_STANDARD = "gnu++0x";
				CLANG_CXX_LIBRARY = "libc++";
				CLANG_ENABLE_MODULES = YES;
				CLANG_ENABLE_OBJC_ARC = YES;
				CLANG_WARN_BOOL_CONVERSION = YES;
				CLANG_WARN_CONSTANT_CONVERSION = YES;
				CLANG_WARN_DIRECT_OBJC_ISA_USAGE = YES_ERROR;
				CLANG_WARN_EMPTY_BODY = YES;
				CLANG_WARN_ENUM_CONVERSION = YES;
				CLANG_WARN_INT_CONVERSION = YES;
				CLANG_WARN_OBJC_ROOT_CLASS = YES_ERROR;
				CLANG_WARN_UNREACHABLE_CODE = YES;
				CLANG_WARN__DUPLICATE_METHOD_MATCH = YES;
				"CODE_SIGN_IDENTITY[sdk=iphoneos*]" = "iPhone Developer";
				COPY_PHASE_STRIP = NO;
				ENABLE_STRICT_OBJC_MSGSEND = YES;
				GCC_C_LANGUAGE_STANDARD = gnu99;
				GCC_DYNAMIC_NO_PIC = NO;
				GCC_OPTIMIZATION_LEVEL = 0;
				GCC_PREPROCESSOR_DEFINITIONS = (
					"DEBUG=1",
					"$(inherited)",
				);
				GCC_SYMBOLS_PRIVATE_EXTERN = NO;
				GCC_WARN_64_TO_32_BIT_CONVERSION = YES;
				GCC_WARN_ABOUT_RETURN_TYPE = YES_ERROR;
				GCC_WARN_UNDECLARED_SELECTOR = YES;
				GCC_WARN_UNINITIALIZED_AUTOS = YES_AGGRESSIVE;
				GCC_WARN_UNUSED_FUNCTION = YES;
				GCC_WARN_UNUSED_VARIABLE = YES;
				IPHONEOS_DEPLOYMENT_TARGET = 8.1;
				MTL_ENABLE_DEBUG_INFO = YES;
				ONLY_ACTIVE_ARCH = YES;
				SDKROOT = iphoneos;
				TARGETED_DEVICE_FAMILY = "1,2";
			};
			name = Debug;
		};
		DD841DBD1AC97B8300F7981D /* Release */ = {
			isa = XCBuildConfiguration;
			buildSettings = {
				ALWAYS_SEARCH_USER_PATHS = NO;
				CLANG_CXX_LANGUAGE_STANDARD = "gnu++0x";
				CLANG_CXX_LIBRARY = "libc++";
				CLANG_ENABLE_MODULES = YES;
				CLANG_ENABLE_OBJC_ARC = YES;
				CLANG_WARN_BOOL_CONVERSION = YES;
				CLANG_WARN_CONSTANT_CONVERSION = YES;
				CLANG_WARN_DIRECT_OBJC_ISA_USAGE = YES_ERROR;
				CLANG_WARN_EMPTY_BODY = YES;
				CLANG_WARN_ENUM_CONVERSION = YES;
				CLANG_WARN_INT_CONVERSION = YES;
				CLANG_WARN_OBJC_ROOT_CLASS = YES_ERROR;
				CLANG_WARN_UNREACHABLE_CODE = YES;
				CLANG_WARN__DUPLICATE_METHOD_MATCH = YES;
				"CODE_SIGN_IDENTITY[sdk=iphoneos*]" = "iPhone Developer";
				COPY_PHASE_STRIP = YES;
				ENABLE_NS_ASSERTIONS = NO;
				ENABLE_STRICT_OBJC_MSGSEND = YES;
				GCC_C_LANGUAGE_STANDARD = gnu99;
				GCC_WARN_64_TO_32_BIT_CONVERSION = YES;
				GCC_WARN_ABOUT_RETURN_TYPE = YES_ERROR;
				GCC_WARN_UNDECLARED_SELECTOR = YES;
				GCC_WARN_UNINITIALIZED_AUTOS = YES_AGGRESSIVE;
				GCC_WARN_UNUSED_FUNCTION = YES;
				GCC_WARN_UNUSED_VARIABLE = YES;
				IPHONEOS_DEPLOYMENT_TARGET = 8.1;
				MTL_ENABLE_DEBUG_INFO = NO;
				SDKROOT = iphoneos;
				TARGETED_DEVICE_FAMILY = "1,2";
				VALIDATE_PRODUCT = YES;
			};
			name = Release;
		};
		DD841DBF1AC97B8300F7981D /* Debug */ = {
			isa = XCBuildConfiguration;
			buildSettings = {
				ASSETCATALOG_COMPILER_APPICON_NAME = AppIcon;
				INFOPLIST_FILE = Memory/Info.plist;
				LD_RUNPATH_SEARCH_PATHS = "$(inherited) @executable_path/Frameworks";
				PRODUCT_NAME = "$(TARGET_NAME)";
			};
			name = Debug;
		};
		DD841DC01AC97B8300F7981D /* Release */ = {
			isa = XCBuildConfiguration;
			buildSettings = {
				ASSETCATALOG_COMPILER_APPICON_NAME = AppIcon;
				INFOPLIST_FILE = Memory/Info.plist;
				LD_RUNPATH_SEARCH_PATHS = "$(inherited) @executable_path/Frameworks";
				PRODUCT_NAME = "$(TARGET_NAME)";
			};
			name = Release;
		};
		DD841DC21AC97B8300F7981D /* Debug */ = {
			isa = XCBuildConfiguration;
			buildSettings = {
				BUNDLE_LOADER = "$(TEST_HOST)";
				FRAMEWORK_SEARCH_PATHS = (
					"$(SDKROOT)/Developer/Library/Frameworks",
					"$(inherited)",
				);
				GCC_PREPROCESSOR_DEFINITIONS = (
					"DEBUG=1",
					"$(inherited)",
				);
				INFOPLIST_FILE = MemoryTests/Info.plist;
				LD_RUNPATH_SEARCH_PATHS = "$(inherited) @executable_path/Frameworks @loader_path/Frameworks";
				PRODUCT_NAME = "$(TARGET_NAME)";
				TEST_HOST = "$(BUILT_PRODUCTS_DIR)/Memory.app/Memory";
			};
			name = Debug;
		};
		DD841DC31AC97B8300F7981D /* Release */ = {
			isa = XCBuildConfiguration;
			buildSettings = {
				BUNDLE_LOADER = "$(TEST_HOST)";
				FRAMEWORK_SEARCH_PATHS = (
					"$(SDKROOT)/Developer/Library/Frameworks",
					"$(inherited)",
				);
				INFOPLIST_FILE = MemoryTests/Info.plist;
				LD_RUNPATH_SEARCH_PATHS = "$(inherited) @executable_path/Frameworks @loader_path/Frameworks";
				PRODUCT_NAME = "$(TARGET_NAME)";
				TEST_HOST = "$(BUILT_PRODUCTS_DIR)/Memory.app/Memory";
			};
			name = Release;
		};
/* End XCBuildConfiguration section */

/* Begin XCConfigurationList section */
		DD841D961AC97B8300F7981D /* Build configuration list for PBXProject "Memory" */ = {
			isa = XCConfigurationList;
			buildConfigurations = (
				DD841DBC1AC97B8300F7981D /* Debug */,
				DD841DBD1AC97B8300F7981D /* Release */,
			);
			defaultConfigurationIsVisible = 0;
			defaultConfigurationName = Release;
		};
		DD841DBE1AC97B8300F7981D /* Build configuration list for PBXNativeTarget "Memory" */ = {
			isa = XCConfigurationList;
			buildConfigurations = (
				DD841DBF1AC97B8300F7981D /* Debug */,
				DD841DC01AC97B8300F7981D /* Release */,
			);
			defaultConfigurationIsVisible = 0;
		};
		DD841DC11AC97B8300F7981D /* Build configuration list for PBXNativeTarget "MemoryTests" */ = {
			isa = XCConfigurationList;
			buildConfigurations = (
				DD841DC21AC97B8300F7981D /* Debug */,
				DD841DC31AC97B8300F7981D /* Release */,
			);
			defaultConfigurationIsVisible = 0;
		};
/* End XCConfigurationList section */
	};
	rootObject = DD841D931AC97B8300F7981D /* Project object */;
}
